// !$*UTF8*$!
{
	archiveVersion = 1;
	classes = {
	};
	objectVersion = 46;
	objects = {

/* Begin PBXBuildFile section */
		143FACB81C01A74C00B7A1EE /* WWSideslipViewController.m in Sources */ = {isa = PBXBuildFile; fileRef = 143FACB71C01A74C00B7A1EE /* WWSideslipViewController.m */; };
		143FACBA1C01A92500B7A1EE /* bg.png in Resources */ = {isa = PBXBuildFile; fileRef = 143FACB91C01A92500B7A1EE /* bg.png */; };
		143FACBD1C01AC8500B7A1EE /* PersonalDataController.m in Sources */ = {isa = PBXBuildFile; fileRef = 143FACBC1C01AC8500B7A1EE /* PersonalDataController.m */; };
		143FACC01C01C73D00B7A1EE /* MissingTableViewController.m in Sources */ = {isa = PBXBuildFile; fileRef = 143FACBF1C01C73D00B7A1EE /* MissingTableViewController.m */; };
		14489D211BCFDB7C0026BB80 /* ic_launcher.png in Resources */ = {isa = PBXBuildFile; fileRef = 14489D201BCFDB7C0026BB80 /* ic_launcher.png */; };
		14489D231BCFDE300026BB80 /* avatar_default.png in Resources */ = {isa = PBXBuildFile; fileRef = 14489D221BCFDE300026BB80 /* avatar_default.png */; };
		14587F1B1BDBB3860012464A /* OrderHandlingViewController.m in Sources */ = {isa = PBXBuildFile; fileRef = 14587F1A1BDBB3860012464A /* OrderHandlingViewController.m */; };
		14587F1E1BDBB7820012464A /* OrderHandlingView.m in Sources */ = {isa = PBXBuildFile; fileRef = 14587F1D1BDBB7820012464A /* OrderHandlingView.m */; };
		14587F211BDBB99F0012464A /* OrderHandCollectionViewCell.m in Sources */ = {isa = PBXBuildFile; fileRef = 14587F201BDBB99F0012464A /* OrderHandCollectionViewCell.m */; };
		14587F231BDBB9B10012464A /* OrderHandCollectionViewCell.xib in Resources */ = {isa = PBXBuildFile; fileRef = 14587F221BDBB9B10012464A /* OrderHandCollectionViewCell.xib */; };
		14587F251BDBBDB30012464A /* OrderBackGroup.png in Resources */ = {isa = PBXBuildFile; fileRef = 14587F241BDBBDB30012464A /* OrderBackGroup.png */; };
		146C1F681BE9D24B004D11BF /* PublicFunction.m in Sources */ = {isa = PBXBuildFile; fileRef = 146C1F671BE9D24B004D11BF /* PublicFunction.m */; };
		146C8C291BE5AA6600B5F7DF /* OrderDetailView.m in Sources */ = {isa = PBXBuildFile; fileRef = 146C8C281BE5AA6600B5F7DF /* OrderDetailView.m */; };
		146C8C2B1BE5ABD400B5F7DF /* OrderDetailList.xib in Resources */ = {isa = PBXBuildFile; fileRef = 146C8C2A1BE5ABD400B5F7DF /* OrderDetailList.xib */; };
		146C8C2E1BE5ABFC00B5F7DF /* DetailListTableViewCell.m in Sources */ = {isa = PBXBuildFile; fileRef = 146C8C2D1BE5ABFC00B5F7DF /* DetailListTableViewCell.m */; };
		146C8C311BE5B6FA00B5F7DF /* YFJLeftSwipeDeleteTableView.m in Sources */ = {isa = PBXBuildFile; fileRef = 146C8C301BE5B6FA00B5F7DF /* YFJLeftSwipeDeleteTableView.m */; };
		146C8C341BE5B75600B5F7DF /* OrderDetailViewController.m in Sources */ = {isa = PBXBuildFile; fileRef = 146C8C331BE5B75600B5F7DF /* OrderDetailViewController.m */; };
		146D2C031BCE8EB10081D543 /* MenuView.m in Sources */ = {isa = PBXBuildFile; fileRef = 146D2C021BCE8EB10081D543 /* MenuView.m */; };
		146D2C091BCE8F790081D543 /* MenuViewController.m in Sources */ = {isa = PBXBuildFile; fileRef = 146D2C081BCE8F790081D543 /* MenuViewController.m */; };
		146DB0141BF70E3600F0EC99 /* ApplyCourierController.m in Sources */ = {isa = PBXBuildFile; fileRef = 146DB0131BF70E3600F0EC99 /* ApplyCourierController.m */; };
		146DB0181BF713EA00F0EC99 /* QCheckBox.m in Sources */ = {isa = PBXBuildFile; fileRef = 146DB0171BF713EA00F0EC99 /* QCheckBox.m */; };
		146DB01C1BF71C2900F0EC99 /* id_pic0.png in Resources */ = {isa = PBXBuildFile; fileRef = 146DB0191BF71C2900F0EC99 /* id_pic0.png */; };
		146DB01D1BF71C2900F0EC99 /* id_pic2.png in Resources */ = {isa = PBXBuildFile; fileRef = 146DB01A1BF71C2900F0EC99 /* id_pic2.png */; };
		146DB01E1BF71C2900F0EC99 /* id_pic3.png in Resources */ = {isa = PBXBuildFile; fileRef = 146DB01B1BF71C2900F0EC99 /* id_pic3.png */; };
		146DB0201BF71C8900F0EC99 /* business.jpg in Resources */ = {isa = PBXBuildFile; fileRef = 146DB01F1BF71C8900F0EC99 /* business.jpg */; };
		146DB0231BF71D1B00F0EC99 /* img_apply_default_normal.9.png in Resources */ = {isa = PBXBuildFile; fileRef = 146DB0211BF71D1B00F0EC99 /* img_apply_default_normal.9.png */; };
		146DB0241BF71D1B00F0EC99 /* img_apply_default_pressed.9.png in Resources */ = {isa = PBXBuildFile; fileRef = 146DB0221BF71D1B00F0EC99 /* img_apply_default_pressed.9.png */; };
		147040871BA700AE007F6414 /* main.m in Sources */ = {isa = PBXBuildFile; fileRef = 147040861BA700AE007F6414 /* main.m */; };
		1470408A1BA700AE007F6414 /* AppDelegate.m in Sources */ = {isa = PBXBuildFile; fileRef = 147040891BA700AE007F6414 /* AppDelegate.m */; };
		1470408D1BA700AE007F6414 /* OrderMeal.xcdatamodeld in Sources */ = {isa = PBXBuildFile; fileRef = 1470408B1BA700AE007F6414 /* OrderMeal.xcdatamodeld */; };
		147040901BA700AE007F6414 /* ViewController.m in Sources */ = {isa = PBXBuildFile; fileRef = 1470408F1BA700AE007F6414 /* ViewController.m */; };
		147040931BA700AE007F6414 /* Main.storyboard in Resources */ = {isa = PBXBuildFile; fileRef = 147040911BA700AE007F6414 /* Main.storyboard */; };
		147040951BA700AE007F6414 /* Images.xcassets in Resources */ = {isa = PBXBuildFile; fileRef = 147040941BA700AE007F6414 /* Images.xcassets */; };
		147040981BA700AE007F6414 /* LaunchScreen.xib in Resources */ = {isa = PBXBuildFile; fileRef = 147040961BA700AE007F6414 /* LaunchScreen.xib */; };
		147040A41BA700AE007F6414 /* OrderMealTests.m in Sources */ = {isa = PBXBuildFile; fileRef = 147040A31BA700AE007F6414 /* OrderMealTests.m */; };
		147040BF1BA70321007F6414 /* RootTabBarViewController.m in Sources */ = {isa = PBXBuildFile; fileRef = 147040BE1BA70321007F6414 /* RootTabBarViewController.m */; };
		147040C21BA707C1007F6414 /* LoginSystem.m in Sources */ = {isa = PBXBuildFile; fileRef = 147040C11BA707C1007F6414 /* LoginSystem.m */; };
		147040C51BA707EC007F6414 /* Company.m in Sources */ = {isa = PBXBuildFile; fileRef = 147040C41BA707EC007F6414 /* Company.m */; };
		147040C81BA70803007F6414 /* Actor.m in Sources */ = {isa = PBXBuildFile; fileRef = 147040C71BA70803007F6414 /* Actor.m */; };
		147040CB1BA7081E007F6414 /* BOSS.m in Sources */ = {isa = PBXBuildFile; fileRef = 147040CA1BA7081E007F6414 /* BOSS.m */; };
		147040CE1BA70842007F6414 /* Waiter.m in Sources */ = {isa = PBXBuildFile; fileRef = 147040CD1BA70842007F6414 /* Waiter.m */; };
		147040D11BA70873007F6414 /* Chefs.m in Sources */ = {isa = PBXBuildFile; fileRef = 147040D01BA70873007F6414 /* Chefs.m */; };
		147040D41BA708BD007F6414 /* Cashier.m in Sources */ = {isa = PBXBuildFile; fileRef = 147040D31BA708BD007F6414 /* Cashier.m */; };
		147040D71BA708F0007F6414 /* RestaurantManager.m in Sources */ = {isa = PBXBuildFile; fileRef = 147040D61BA708F0007F6414 /* RestaurantManager.m */; };
		147040DA1BA70932007F6414 /* MenuManagement.m in Sources */ = {isa = PBXBuildFile; fileRef = 147040D91BA70932007F6414 /* MenuManagement.m */; };
		147040DD1BA70946007F6414 /* OrderManagement.m in Sources */ = {isa = PBXBuildFile; fileRef = 147040DC1BA70946007F6414 /* OrderManagement.m */; };
		147040E01BA70976007F6414 /* Payment.m in Sources */ = {isa = PBXBuildFile; fileRef = 147040DF1BA70976007F6414 /* Payment.m */; };
		147040E31BA70A11007F6414 /* BillManagement.m in Sources */ = {isa = PBXBuildFile; fileRef = 147040E21BA70A11007F6414 /* BillManagement.m */; };
		147040E61BA70A88007F6414 /* AccountManagement.m in Sources */ = {isa = PBXBuildFile; fileRef = 147040E51BA70A88007F6414 /* AccountManagement.m */; };
		1479C1771BE0599B00D12FE1 /* OrderViewController.m in Sources */ = {isa = PBXBuildFile; fileRef = 1479C1761BE0599B00D12FE1 /* OrderViewController.m */; };
		1479C17A1BE05F6700D12FE1 /* UnPaymentViewController.m in Sources */ = {isa = PBXBuildFile; fileRef = 1479C1791BE05F6700D12FE1 /* UnPaymentViewController.m */; };
		1479C17D1BE05F7200D12FE1 /* PaymentViewController.m in Sources */ = {isa = PBXBuildFile; fileRef = 1479C17C1BE05F7200D12FE1 /* PaymentViewController.m */; };
		1479C1801BE062EF00D12FE1 /* OrderView.m in Sources */ = {isa = PBXBuildFile; fileRef = 1479C17F1BE062EF00D12FE1 /* OrderView.m */; };
		1479C1831BE0656200D12FE1 /* OrderDetailTableViewCell.m in Sources */ = {isa = PBXBuildFile; fileRef = 1479C1821BE0656200D12FE1 /* OrderDetailTableViewCell.m */; };
		1479C1851BE0658B00D12FE1 /* OrderDetailTableViewCell.xib in Resources */ = {isa = PBXBuildFile; fileRef = 1479C1841BE0658B00D12FE1 /* OrderDetailTableViewCell.xib */; };
		1482513C1BD77FB700E0DB20 /* MenuCollectionCell.xib in Resources */ = {isa = PBXBuildFile; fileRef = 1482513B1BD77FB700E0DB20 /* MenuCollectionCell.xib */; };
		1482513F1BD7817F00E0DB20 /* checkbox1_checked.png in Resources */ = {isa = PBXBuildFile; fileRef = 1482513D1BD7817F00E0DB20 /* checkbox1_checked.png */; };
		148251401BD7817F00E0DB20 /* checkbox1_checked@2x.png in Resources */ = {isa = PBXBuildFile; fileRef = 1482513E1BD7817F00E0DB20 /* checkbox1_checked@2x.png */; };
		148251431BD7819500E0DB20 /* checkbox1_unchecked.png in Resources */ = {isa = PBXBuildFile; fileRef = 148251411BD7819500E0DB20 /* checkbox1_unchecked.png */; };
		148251441BD7819500E0DB20 /* checkbox1_unchecked@2x.png in Resources */ = {isa = PBXBuildFile; fileRef = 148251421BD7819500E0DB20 /* checkbox1_unchecked@2x.png */; };
		149FA5101BE88BE6002E9097 /* AFHTTPRequestOperation.m in Sources */ = {isa = PBXBuildFile; fileRef = 149FA4EC1BE88BE6002E9097 /* AFHTTPRequestOperation.m */; };
		149FA5111BE88BE6002E9097 /* AFHTTPRequestOperationManager.m in Sources */ = {isa = PBXBuildFile; fileRef = 149FA4EE1BE88BE6002E9097 /* AFHTTPRequestOperationManager.m */; };
		149FA5121BE88BE6002E9097 /* AFHTTPSessionManager.m in Sources */ = {isa = PBXBuildFile; fileRef = 149FA4F01BE88BE6002E9097 /* AFHTTPSessionManager.m */; };
		149FA5131BE88BE6002E9097 /* AFNetworkReachabilityManager.m in Sources */ = {isa = PBXBuildFile; fileRef = 149FA4F31BE88BE6002E9097 /* AFNetworkReachabilityManager.m */; };
		149FA5141BE88BE6002E9097 /* AFSecurityPolicy.m in Sources */ = {isa = PBXBuildFile; fileRef = 149FA4F51BE88BE6002E9097 /* AFSecurityPolicy.m */; };
		149FA5151BE88BE6002E9097 /* AFURLConnectionOperation.m in Sources */ = {isa = PBXBuildFile; fileRef = 149FA4F71BE88BE6002E9097 /* AFURLConnectionOperation.m */; };
		149FA5161BE88BE6002E9097 /* AFURLRequestSerialization.m in Sources */ = {isa = PBXBuildFile; fileRef = 149FA4F91BE88BE6002E9097 /* AFURLRequestSerialization.m */; };
		149FA5171BE88BE6002E9097 /* AFURLResponseSerialization.m in Sources */ = {isa = PBXBuildFile; fileRef = 149FA4FB1BE88BE6002E9097 /* AFURLResponseSerialization.m */; };
		149FA5181BE88BE6002E9097 /* AFURLSessionManager.m in Sources */ = {isa = PBXBuildFile; fileRef = 149FA4FD1BE88BE6002E9097 /* AFURLSessionManager.m */; };
		149FA5191BE88BE6002E9097 /* AFNetworkActivityIndicatorManager.m in Sources */ = {isa = PBXBuildFile; fileRef = 149FA5001BE88BE6002E9097 /* AFNetworkActivityIndicatorManager.m */; };
		149FA51A1BE88BE6002E9097 /* UIActivityIndicatorView+AFNetworking.m in Sources */ = {isa = PBXBuildFile; fileRef = 149FA5021BE88BE6002E9097 /* UIActivityIndicatorView+AFNetworking.m */; };
		149FA51B1BE88BE6002E9097 /* UIAlertView+AFNetworking.m in Sources */ = {isa = PBXBuildFile; fileRef = 149FA5041BE88BE6002E9097 /* UIAlertView+AFNetworking.m */; };
		149FA51C1BE88BE6002E9097 /* UIButton+AFNetworking.m in Sources */ = {isa = PBXBuildFile; fileRef = 149FA5061BE88BE6002E9097 /* UIButton+AFNetworking.m */; };
		149FA51D1BE88BE6002E9097 /* UIImageView+AFNetworking.m in Sources */ = {isa = PBXBuildFile; fileRef = 149FA5081BE88BE6002E9097 /* UIImageView+AFNetworking.m */; };
		149FA51E1BE88BE6002E9097 /* UIProgressView+AFNetworking.m in Sources */ = {isa = PBXBuildFile; fileRef = 149FA50B1BE88BE6002E9097 /* UIProgressView+AFNetworking.m */; };
		149FA51F1BE88BE6002E9097 /* UIRefreshControl+AFNetworking.m in Sources */ = {isa = PBXBuildFile; fileRef = 149FA50D1BE88BE6002E9097 /* UIRefreshControl+AFNetworking.m */; };
		149FA5201BE88BE6002E9097 /* UIWebView+AFNetworking.m in Sources */ = {isa = PBXBuildFile; fileRef = 149FA50F1BE88BE6002E9097 /* UIWebView+AFNetworking.m */; };
		149FA5221BE88C7D002E9097 /* CoreLocation.framework in Frameworks */ = {isa = PBXBuildFile; fileRef = 149FA5211BE88C7D002E9097 /* CoreLocation.framework */; };
		149FA5241BE88C88002E9097 /* SystemConfiguration.framework in Frameworks */ = {isa = PBXBuildFile; fileRef = 149FA5231BE88C88002E9097 /* SystemConfiguration.framework */; };
		149FA5261BE88C93002E9097 /* MobileCoreServices.framework in Frameworks */ = {isa = PBXBuildFile; fileRef = 149FA5251BE88C93002E9097 /* MobileCoreServices.framework */; };
		149FA5281BE88CA0002E9097 /* Security.framework in Frameworks */ = {isa = PBXBuildFile; fileRef = 149FA5271BE88CA0002E9097 /* Security.framework */; };
		149FA52C1BE88D2B002E9097 /* HttpProtocolAPI.m in Sources */ = {isa = PBXBuildFile; fileRef = 149FA52B1BE88D2B002E9097 /* HttpProtocolAPI.m */; };
		149FA5301BE88DB6002E9097 /* UserDataInterface.m in Sources */ = {isa = PBXBuildFile; fileRef = 149FA52F1BE88DB6002E9097 /* UserDataInterface.m */; };
		149FA5331BE88FE6002E9097 /* RegisterViewController.m in Sources */ = {isa = PBXBuildFile; fileRef = 149FA5321BE88FE6002E9097 /* RegisterViewController.m */; };
		149FA53A1BE8B3E0002E9097 /* SVProgressHUD.m in Sources */ = {isa = PBXBuildFile; fileRef = 149FA5391BE8B3E0002E9097 /* SVProgressHUD.m */; };
		14A36F331BD8811C00B5DCF0 /* SCNavTabBarController.m in Sources */ = {isa = PBXBuildFile; fileRef = 14A36F321BD8811C00B5DCF0 /* SCNavTabBarController.m */; };
		14A36F361BD884ED00B5DCF0 /* MainFoodViewController.m in Sources */ = {isa = PBXBuildFile; fileRef = 14A36F351BD884ED00B5DCF0 /* MainFoodViewController.m */; };
		14A36F391BD8852200B5DCF0 /* OtherFoodViewController.m in Sources */ = {isa = PBXBuildFile; fileRef = 14A36F381BD8852200B5DCF0 /* OtherFoodViewController.m */; };
		14A36F3D1BD8872600B5DCF0 /* SCNavTabBar.m in Sources */ = {isa = PBXBuildFile; fileRef = 14A36F3C1BD8872600B5DCF0 /* SCNavTabBar.m */; };
		14A36F401BD8876000B5DCF0 /* SCPopView.m in Sources */ = {isa = PBXBuildFile; fileRef = 14A36F3F1BD8876000B5DCF0 /* SCPopView.m */; };
		14A36F431BD8BD3C00B5DCF0 /* MenuDetailsTableViewController.m in Sources */ = {isa = PBXBuildFile; fileRef = 14A36F421BD8BD3C00B5DCF0 /* MenuDetailsTableViewController.m */; };
		14A36F471BD8C1B600B5DCF0 /* Custom_ScrollImageView.m in Sources */ = {isa = PBXBuildFile; fileRef = 14A36F461BD8C1B600B5DCF0 /* Custom_ScrollImageView.m */; };
		14A36F4A1BD8C9A300B5DCF0 /* potato.jpg in Resources */ = {isa = PBXBuildFile; fileRef = 14A36F481BD8C9A300B5DCF0 /* potato.jpg */; };
		14A36F4B1BD8C9A300B5DCF0 /* shrimp.jpg in Resources */ = {isa = PBXBuildFile; fileRef = 14A36F491BD8C9A300B5DCF0 /* shrimp.jpg */; };
		14A36F4D1BD8CAAC00B5DCF0 /* fish.jpg in Resources */ = {isa = PBXBuildFile; fileRef = 14A36F4C1BD8CAAC00B5DCF0 /* fish.jpg */; };
		14A4337C1BDDC89700A7AF3A /* CustomBasePopView.m in Sources */ = {isa = PBXBuildFile; fileRef = 14A4337B1BDDC89700A7AF3A /* CustomBasePopView.m */; };
		14A4337F1BDDD12C00A7AF3A /* MenuEditPopView.m in Sources */ = {isa = PBXBuildFile; fileRef = 14A4337E1BDDD12C00A7AF3A /* MenuEditPopView.m */; };
		14A433811BDDD19100A7AF3A /* MenuEditPopView.xib in Resources */ = {isa = PBXBuildFile; fileRef = 14A433801BDDD19100A7AF3A /* MenuEditPopView.xib */; };
		14A433851BDE58D900A7AF3A /* PhotoGroupTableViewCell.m in Sources */ = {isa = PBXBuildFile; fileRef = 14A433841BDE58D900A7AF3A /* PhotoGroupTableViewCell.m */; };
		14A433881BDE5A8A00A7AF3A /* Media_Photo.m in Sources */ = {isa = PBXBuildFile; fileRef = 14A433871BDE5A8A00A7AF3A /* Media_Photo.m */; };
		14A4338B1BDE617F00A7AF3A /* ic_add_pic_normal.png in Resources */ = {isa = PBXBuildFile; fileRef = 14A433891BDE617F00A7AF3A /* ic_add_pic_normal.png */; };
		14A4338C1BDE617F00A7AF3A /* ic_add_pic_pressed.png in Resources */ = {isa = PBXBuildFile; fileRef = 14A4338A1BDE617F00A7AF3A /* ic_add_pic_pressed.png */; };
		14D4345A1BD13659000C72F6 /* MenuCollectionViewCell.m in Sources */ = {isa = PBXBuildFile; fileRef = 14D434591BD13659000C72F6 /* MenuCollectionViewCell.m */; };
		14FBCE851BA8552B00F23D78 /* LoginViewController.m in Sources */ = {isa = PBXBuildFile; fileRef = 14FBCE841BA8552B00F23D78 /* LoginViewController.m */; };
		14FBCE881BA8572C00F23D78 /* LoginView.m in Sources */ = {isa = PBXBuildFile; fileRef = 14FBCE871BA8572C00F23D78 /* LoginView.m */; };
/* End PBXBuildFile section */

/* Begin PBXContainerItemProxy section */
		1470409E1BA700AE007F6414 /* PBXContainerItemProxy */ = {
			isa = PBXContainerItemProxy;
			containerPortal = 147040791BA700AE007F6414 /* Project object */;
			proxyType = 1;
			remoteGlobalIDString = 147040801BA700AE007F6414;
			remoteInfo = OrderMeal;
		};
/* End PBXContainerItemProxy section */

/* Begin PBXFileReference section */
		143FACB61C01A74C00B7A1EE /* WWSideslipViewController.h */ = {isa = PBXFileReference; fileEncoding = 4; lastKnownFileType = sourcecode.c.h; path = WWSideslipViewController.h; sourceTree = "<group>"; };
		143FACB71C01A74C00B7A1EE /* WWSideslipViewController.m */ = {isa = PBXFileReference; fileEncoding = 4; lastKnownFileType = sourcecode.c.objc; path = WWSideslipViewController.m; sourceTree = "<group>"; };
		143FACB91C01A92500B7A1EE /* bg.png */ = {isa = PBXFileReference; lastKnownFileType = image.png; path = bg.png; sourceTree = "<group>"; };
		143FACBB1C01AC8500B7A1EE /* PersonalDataController.h */ = {isa = PBXFileReference; fileEncoding = 4; lastKnownFileType = sourcecode.c.h; path = PersonalDataController.h; sourceTree = "<group>"; };
		143FACBC1C01AC8500B7A1EE /* PersonalDataController.m */ = {isa = PBXFileReference; fileEncoding = 4; lastKnownFileType = sourcecode.c.objc; path = PersonalDataController.m; sourceTree = "<group>"; };
		143FACBE1C01C73D00B7A1EE /* MissingTableViewController.h */ = {isa = PBXFileReference; fileEncoding = 4; lastKnownFileType = sourcecode.c.h; path = MissingTableViewController.h; sourceTree = "<group>"; };
		143FACBF1C01C73D00B7A1EE /* MissingTableViewController.m */ = {isa = PBXFileReference; fileEncoding = 4; lastKnownFileType = sourcecode.c.objc; path = MissingTableViewController.m; sourceTree = "<group>"; };
		14489D201BCFDB7C0026BB80 /* ic_launcher.png */ = {isa = PBXFileReference; lastKnownFileType = image.png; path = ic_launcher.png; sourceTree = "<group>"; };
		14489D221BCFDE300026BB80 /* avatar_default.png */ = {isa = PBXFileReference; lastKnownFileType = image.png; path = avatar_default.png; sourceTree = "<group>"; };
		14587F191BDBB3860012464A /* OrderHandlingViewController.h */ = {isa = PBXFileReference; fileEncoding = 4; lastKnownFileType = sourcecode.c.h; path = OrderHandlingViewController.h; sourceTree = "<group>"; };
		14587F1A1BDBB3860012464A /* OrderHandlingViewController.m */ = {isa = PBXFileReference; fileEncoding = 4; lastKnownFileType = sourcecode.c.objc; path = OrderHandlingViewController.m; sourceTree = "<group>"; };
		14587F1C1BDBB7820012464A /* OrderHandlingView.h */ = {isa = PBXFileReference; fileEncoding = 4; lastKnownFileType = sourcecode.c.h; path = OrderHandlingView.h; sourceTree = "<group>"; };
		14587F1D1BDBB7820012464A /* OrderHandlingView.m */ = {isa = PBXFileReference; fileEncoding = 4; lastKnownFileType = sourcecode.c.objc; path = OrderHandlingView.m; sourceTree = "<group>"; };
		14587F1F1BDBB99F0012464A /* OrderHandCollectionViewCell.h */ = {isa = PBXFileReference; fileEncoding = 4; lastKnownFileType = sourcecode.c.h; path = OrderHandCollectionViewCell.h; sourceTree = "<group>"; };
		14587F201BDBB99F0012464A /* OrderHandCollectionViewCell.m */ = {isa = PBXFileReference; fileEncoding = 4; lastKnownFileType = sourcecode.c.objc; path = OrderHandCollectionViewCell.m; sourceTree = "<group>"; };
		14587F221BDBB9B10012464A /* OrderHandCollectionViewCell.xib */ = {isa = PBXFileReference; fileEncoding = 4; lastKnownFileType = file.xib; path = OrderHandCollectionViewCell.xib; sourceTree = "<group>"; };
		14587F241BDBBDB30012464A /* OrderBackGroup.png */ = {isa = PBXFileReference; lastKnownFileType = image.png; path = OrderBackGroup.png; sourceTree = "<group>"; };
		146C1F661BE9D24B004D11BF /* PublicFunction.h */ = {isa = PBXFileReference; fileEncoding = 4; lastKnownFileType = sourcecode.c.h; path = PublicFunction.h; sourceTree = "<group>"; };
		146C1F671BE9D24B004D11BF /* PublicFunction.m */ = {isa = PBXFileReference; fileEncoding = 4; lastKnownFileType = sourcecode.c.objc; path = PublicFunction.m; sourceTree = "<group>"; };
		146C8C271BE5AA6600B5F7DF /* OrderDetailView.h */ = {isa = PBXFileReference; fileEncoding = 4; lastKnownFileType = sourcecode.c.h; path = OrderDetailView.h; sourceTree = "<group>"; };
		146C8C281BE5AA6600B5F7DF /* OrderDetailView.m */ = {isa = PBXFileReference; fileEncoding = 4; lastKnownFileType = sourcecode.c.objc; path = OrderDetailView.m; sourceTree = "<group>"; };
		146C8C2A1BE5ABD400B5F7DF /* OrderDetailList.xib */ = {isa = PBXFileReference; fileEncoding = 4; lastKnownFileType = file.xib; path = OrderDetailList.xib; sourceTree = "<group>"; };
		146C8C2C1BE5ABFC00B5F7DF /* DetailListTableViewCell.h */ = {isa = PBXFileReference; fileEncoding = 4; lastKnownFileType = sourcecode.c.h; path = DetailListTableViewCell.h; sourceTree = "<group>"; };
		146C8C2D1BE5ABFC00B5F7DF /* DetailListTableViewCell.m */ = {isa = PBXFileReference; fileEncoding = 4; lastKnownFileType = sourcecode.c.objc; path = DetailListTableViewCell.m; sourceTree = "<group>"; };
		146C8C2F1BE5B6FA00B5F7DF /* YFJLeftSwipeDeleteTableView.h */ = {isa = PBXFileReference; fileEncoding = 4; lastKnownFileType = sourcecode.c.h; path = YFJLeftSwipeDeleteTableView.h; sourceTree = "<group>"; };
		146C8C301BE5B6FA00B5F7DF /* YFJLeftSwipeDeleteTableView.m */ = {isa = PBXFileReference; fileEncoding = 4; lastKnownFileType = sourcecode.c.objc; path = YFJLeftSwipeDeleteTableView.m; sourceTree = "<group>"; };
		146C8C321BE5B75600B5F7DF /* OrderDetailViewController.h */ = {isa = PBXFileReference; fileEncoding = 4; lastKnownFileType = sourcecode.c.h; path = OrderDetailViewController.h; sourceTree = "<group>"; };
		146C8C331BE5B75600B5F7DF /* OrderDetailViewController.m */ = {isa = PBXFileReference; fileEncoding = 4; lastKnownFileType = sourcecode.c.objc; path = OrderDetailViewController.m; sourceTree = "<group>"; };
		146D2C011BCE8EB10081D543 /* MenuView.h */ = {isa = PBXFileReference; fileEncoding = 4; lastKnownFileType = sourcecode.c.h; path = MenuView.h; sourceTree = "<group>"; };
		146D2C021BCE8EB10081D543 /* MenuView.m */ = {isa = PBXFileReference; fileEncoding = 4; lastKnownFileType = sourcecode.c.objc; path = MenuView.m; sourceTree = "<group>"; };
		146D2C071BCE8F790081D543 /* MenuViewController.h */ = {isa = PBXFileReference; fileEncoding = 4; lastKnownFileType = sourcecode.c.h; path = MenuViewController.h; sourceTree = "<group>"; };
		146D2C081BCE8F790081D543 /* MenuViewController.m */ = {isa = PBXFileReference; fileEncoding = 4; lastKnownFileType = sourcecode.c.objc; path = MenuViewController.m; sourceTree = "<group>"; };
		146DB0121BF70E3600F0EC99 /* ApplyCourierController.h */ = {isa = PBXFileReference; fileEncoding = 4; lastKnownFileType = sourcecode.c.h; path = ApplyCourierController.h; sourceTree = "<group>"; };
		146DB0131BF70E3600F0EC99 /* ApplyCourierController.m */ = {isa = PBXFileReference; fileEncoding = 4; lastKnownFileType = sourcecode.c.objc; path = ApplyCourierController.m; sourceTree = "<group>"; };
		146DB0161BF713EA00F0EC99 /* QCheckBox.h */ = {isa = PBXFileReference; fileEncoding = 4; lastKnownFileType = sourcecode.c.h; path = QCheckBox.h; sourceTree = "<group>"; };
		146DB0171BF713EA00F0EC99 /* QCheckBox.m */ = {isa = PBXFileReference; fileEncoding = 4; lastKnownFileType = sourcecode.c.objc; path = QCheckBox.m; sourceTree = "<group>"; };
		146DB0191BF71C2900F0EC99 /* id_pic0.png */ = {isa = PBXFileReference; lastKnownFileType = image.png; path = id_pic0.png; sourceTree = "<group>"; };
		146DB01A1BF71C2900F0EC99 /* id_pic2.png */ = {isa = PBXFileReference; lastKnownFileType = image.png; path = id_pic2.png; sourceTree = "<group>"; };
		146DB01B1BF71C2900F0EC99 /* id_pic3.png */ = {isa = PBXFileReference; lastKnownFileType = image.png; path = id_pic3.png; sourceTree = "<group>"; };
		146DB01F1BF71C8900F0EC99 /* business.jpg */ = {isa = PBXFileReference; lastKnownFileType = image.jpeg; path = business.jpg; sourceTree = "<group>"; };
		146DB0211BF71D1B00F0EC99 /* img_apply_default_normal.9.png */ = {isa = PBXFileReference; lastKnownFileType = image.png; path = img_apply_default_normal.9.png; sourceTree = "<group>"; };
		146DB0221BF71D1B00F0EC99 /* img_apply_default_pressed.9.png */ = {isa = PBXFileReference; lastKnownFileType = image.png; path = img_apply_default_pressed.9.png; sourceTree = "<group>"; };
		147040811BA700AE007F6414 /* OrderMeal.app */ = {isa = PBXFileReference; explicitFileType = wrapper.application; includeInIndex = 0; path = OrderMeal.app; sourceTree = BUILT_PRODUCTS_DIR; };
		147040851BA700AE007F6414 /* Info.plist */ = {isa = PBXFileReference; lastKnownFileType = text.plist.xml; path = Info.plist; sourceTree = "<group>"; };
		147040861BA700AE007F6414 /* main.m */ = {isa = PBXFileReference; lastKnownFileType = sourcecode.c.objc; path = main.m; sourceTree = "<group>"; };
		147040881BA700AE007F6414 /* AppDelegate.h */ = {isa = PBXFileReference; lastKnownFileType = sourcecode.c.h; path = AppDelegate.h; sourceTree = "<group>"; };
		147040891BA700AE007F6414 /* AppDelegate.m */ = {isa = PBXFileReference; lastKnownFileType = sourcecode.c.objc; path = AppDelegate.m; sourceTree = "<group>"; };
		1470408C1BA700AE007F6414 /* OrderMeal.xcdatamodel */ = {isa = PBXFileReference; lastKnownFileType = wrapper.xcdatamodel; path = OrderMeal.xcdatamodel; sourceTree = "<group>"; };
		1470408E1BA700AE007F6414 /* ViewController.h */ = {isa = PBXFileReference; lastKnownFileType = sourcecode.c.h; path = ViewController.h; sourceTree = "<group>"; };
		1470408F1BA700AE007F6414 /* ViewController.m */ = {isa = PBXFileReference; lastKnownFileType = sourcecode.c.objc; path = ViewController.m; sourceTree = "<group>"; };
		147040921BA700AE007F6414 /* Base */ = {isa = PBXFileReference; lastKnownFileType = file.storyboard; name = Base; path = Base.lproj/Main.storyboard; sourceTree = "<group>"; };
		147040941BA700AE007F6414 /* Images.xcassets */ = {isa = PBXFileReference; lastKnownFileType = folder.assetcatalog; path = Images.xcassets; sourceTree = "<group>"; };
		147040971BA700AE007F6414 /* Base */ = {isa = PBXFileReference; lastKnownFileType = file.xib; name = Base; path = Base.lproj/LaunchScreen.xib; sourceTree = "<group>"; };
		1470409D1BA700AE007F6414 /* OrderMealTests.xctest */ = {isa = PBXFileReference; explicitFileType = wrapper.cfbundle; includeInIndex = 0; path = OrderMealTests.xctest; sourceTree = BUILT_PRODUCTS_DIR; };
		147040A21BA700AE007F6414 /* Info.plist */ = {isa = PBXFileReference; lastKnownFileType = text.plist.xml; path = Info.plist; sourceTree = "<group>"; };
		147040A31BA700AE007F6414 /* OrderMealTests.m */ = {isa = PBXFileReference; lastKnownFileType = sourcecode.c.objc; path = OrderMealTests.m; sourceTree = "<group>"; };
		147040BD1BA70321007F6414 /* RootTabBarViewController.h */ = {isa = PBXFileReference; fileEncoding = 4; lastKnownFileType = sourcecode.c.h; path = RootTabBarViewController.h; sourceTree = "<group>"; };
		147040BE1BA70321007F6414 /* RootTabBarViewController.m */ = {isa = PBXFileReference; fileEncoding = 4; lastKnownFileType = sourcecode.c.objc; path = RootTabBarViewController.m; sourceTree = "<group>"; };
		147040C01BA707C1007F6414 /* LoginSystem.h */ = {isa = PBXFileReference; fileEncoding = 4; lastKnownFileType = sourcecode.c.h; path = LoginSystem.h; sourceTree = "<group>"; };
		147040C11BA707C1007F6414 /* LoginSystem.m */ = {isa = PBXFileReference; fileEncoding = 4; lastKnownFileType = sourcecode.c.objc; path = LoginSystem.m; sourceTree = "<group>"; };
		147040C31BA707EC007F6414 /* Company.h */ = {isa = PBXFileReference; fileEncoding = 4; lastKnownFileType = sourcecode.c.h; path = Company.h; sourceTree = "<group>"; };
		147040C41BA707EC007F6414 /* Company.m */ = {isa = PBXFileReference; fileEncoding = 4; lastKnownFileType = sourcecode.c.objc; path = Company.m; sourceTree = "<group>"; };
		147040C61BA70803007F6414 /* Actor.h */ = {isa = PBXFileReference; fileEncoding = 4; lastKnownFileType = sourcecode.c.h; path = Actor.h; sourceTree = "<group>"; };
		147040C71BA70803007F6414 /* Actor.m */ = {isa = PBXFileReference; fileEncoding = 4; lastKnownFileType = sourcecode.c.objc; path = Actor.m; sourceTree = "<group>"; };
		147040C91BA7081E007F6414 /* BOSS.h */ = {isa = PBXFileReference; fileEncoding = 4; lastKnownFileType = sourcecode.c.h; path = BOSS.h; sourceTree = "<group>"; };
		147040CA1BA7081E007F6414 /* BOSS.m */ = {isa = PBXFileReference; fileEncoding = 4; lastKnownFileType = sourcecode.c.objc; path = BOSS.m; sourceTree = "<group>"; };
		147040CC1BA70842007F6414 /* Waiter.h */ = {isa = PBXFileReference; fileEncoding = 4; lastKnownFileType = sourcecode.c.h; path = Waiter.h; sourceTree = "<group>"; };
		147040CD1BA70842007F6414 /* Waiter.m */ = {isa = PBXFileReference; fileEncoding = 4; lastKnownFileType = sourcecode.c.objc; path = Waiter.m; sourceTree = "<group>"; };
		147040CF1BA70873007F6414 /* Chefs.h */ = {isa = PBXFileReference; fileEncoding = 4; lastKnownFileType = sourcecode.c.h; path = Chefs.h; sourceTree = "<group>"; };
		147040D01BA70873007F6414 /* Chefs.m */ = {isa = PBXFileReference; fileEncoding = 4; lastKnownFileType = sourcecode.c.objc; path = Chefs.m; sourceTree = "<group>"; };
		147040D21BA708BD007F6414 /* Cashier.h */ = {isa = PBXFileReference; fileEncoding = 4; lastKnownFileType = sourcecode.c.h; path = Cashier.h; sourceTree = "<group>"; };
		147040D31BA708BD007F6414 /* Cashier.m */ = {isa = PBXFileReference; fileEncoding = 4; lastKnownFileType = sourcecode.c.objc; path = Cashier.m; sourceTree = "<group>"; };
		147040D51BA708F0007F6414 /* RestaurantManager.h */ = {isa = PBXFileReference; fileEncoding = 4; lastKnownFileType = sourcecode.c.h; path = RestaurantManager.h; sourceTree = "<group>"; };
		147040D61BA708F0007F6414 /* RestaurantManager.m */ = {isa = PBXFileReference; fileEncoding = 4; lastKnownFileType = sourcecode.c.objc; path = RestaurantManager.m; sourceTree = "<group>"; };
		147040D81BA70932007F6414 /* MenuManagement.h */ = {isa = PBXFileReference; fileEncoding = 4; lastKnownFileType = sourcecode.c.h; path = MenuManagement.h; sourceTree = "<group>"; };
		147040D91BA70932007F6414 /* MenuManagement.m */ = {isa = PBXFileReference; fileEncoding = 4; lastKnownFileType = sourcecode.c.objc; path = MenuManagement.m; sourceTree = "<group>"; };
		147040DB1BA70946007F6414 /* OrderManagement.h */ = {isa = PBXFileReference; fileEncoding = 4; lastKnownFileType = sourcecode.c.h; path = OrderManagement.h; sourceTree = "<group>"; };
		147040DC1BA70946007F6414 /* OrderManagement.m */ = {isa = PBXFileReference; fileEncoding = 4; lastKnownFileType = sourcecode.c.objc; path = OrderManagement.m; sourceTree = "<group>"; };
		147040DE1BA70976007F6414 /* Payment.h */ = {isa = PBXFileReference; fileEncoding = 4; lastKnownFileType = sourcecode.c.h; path = Payment.h; sourceTree = "<group>"; };
		147040DF1BA70976007F6414 /* Payment.m */ = {isa = PBXFileReference; fileEncoding = 4; lastKnownFileType = sourcecode.c.objc; path = Payment.m; sourceTree = "<group>"; };
		147040E11BA70A11007F6414 /* BillManagement.h */ = {isa = PBXFileReference; fileEncoding = 4; lastKnownFileType = sourcecode.c.h; path = BillManagement.h; sourceTree = "<group>"; };
		147040E21BA70A11007F6414 /* BillManagement.m */ = {isa = PBXFileReference; fileEncoding = 4; lastKnownFileType = sourcecode.c.objc; path = BillManagement.m; sourceTree = "<group>"; };
		147040E41BA70A88007F6414 /* AccountManagement.h */ = {isa = PBXFileReference; fileEncoding = 4; lastKnownFileType = sourcecode.c.h; path = AccountManagement.h; sourceTree = "<group>"; };
		147040E51BA70A88007F6414 /* AccountManagement.m */ = {isa = PBXFileReference; fileEncoding = 4; lastKnownFileType = sourcecode.c.objc; path = AccountManagement.m; sourceTree = "<group>"; };
		1479C1751BE0599B00D12FE1 /* OrderViewController.h */ = {isa = PBXFileReference; fileEncoding = 4; lastKnownFileType = sourcecode.c.h; path = OrderViewController.h; sourceTree = "<group>"; };
		1479C1761BE0599B00D12FE1 /* OrderViewController.m */ = {isa = PBXFileReference; fileEncoding = 4; lastKnownFileType = sourcecode.c.objc; path = OrderViewController.m; sourceTree = "<group>"; };
		1479C1781BE05F6700D12FE1 /* UnPaymentViewController.h */ = {isa = PBXFileReference; fileEncoding = 4; lastKnownFileType = sourcecode.c.h; path = UnPaymentViewController.h; sourceTree = "<group>"; };
		1479C1791BE05F6700D12FE1 /* UnPaymentViewController.m */ = {isa = PBXFileReference; fileEncoding = 4; lastKnownFileType = sourcecode.c.objc; path = UnPaymentViewController.m; sourceTree = "<group>"; };
		1479C17B1BE05F7200D12FE1 /* PaymentViewController.h */ = {isa = PBXFileReference; fileEncoding = 4; lastKnownFileType = sourcecode.c.h; path = PaymentViewController.h; sourceTree = "<group>"; };
		1479C17C1BE05F7200D12FE1 /* PaymentViewController.m */ = {isa = PBXFileReference; fileEncoding = 4; lastKnownFileType = sourcecode.c.objc; path = PaymentViewController.m; sourceTree = "<group>"; };
		1479C17E1BE062EF00D12FE1 /* OrderView.h */ = {isa = PBXFileReference; fileEncoding = 4; lastKnownFileType = sourcecode.c.h; path = OrderView.h; sourceTree = "<group>"; };
		1479C17F1BE062EF00D12FE1 /* OrderView.m */ = {isa = PBXFileReference; fileEncoding = 4; lastKnownFileType = sourcecode.c.objc; path = OrderView.m; sourceTree = "<group>"; };
		1479C1811BE0656200D12FE1 /* OrderDetailTableViewCell.h */ = {isa = PBXFileReference; fileEncoding = 4; lastKnownFileType = sourcecode.c.h; path = OrderDetailTableViewCell.h; sourceTree = "<group>"; };
		1479C1821BE0656200D12FE1 /* OrderDetailTableViewCell.m */ = {isa = PBXFileReference; fileEncoding = 4; lastKnownFileType = sourcecode.c.objc; path = OrderDetailTableViewCell.m; sourceTree = "<group>"; };
		1479C1841BE0658B00D12FE1 /* OrderDetailTableViewCell.xib */ = {isa = PBXFileReference; fileEncoding = 4; lastKnownFileType = file.xib; path = OrderDetailTableViewCell.xib; sourceTree = "<group>"; };
		1482513B1BD77FB700E0DB20 /* MenuCollectionCell.xib */ = {isa = PBXFileReference; fileEncoding = 4; lastKnownFileType = file.xib; path = MenuCollectionCell.xib; sourceTree = "<group>"; };
		1482513D1BD7817F00E0DB20 /* checkbox1_checked.png */ = {isa = PBXFileReference; lastKnownFileType = image.png; path = checkbox1_checked.png; sourceTree = "<group>"; };
		1482513E1BD7817F00E0DB20 /* checkbox1_checked@2x.png */ = {isa = PBXFileReference; lastKnownFileType = image.png; path = "checkbox1_checked@2x.png"; sourceTree = "<group>"; };
		148251411BD7819500E0DB20 /* checkbox1_unchecked.png */ = {isa = PBXFileReference; lastKnownFileType = image.png; path = checkbox1_unchecked.png; sourceTree = "<group>"; };
		148251421BD7819500E0DB20 /* checkbox1_unchecked@2x.png */ = {isa = PBXFileReference; lastKnownFileType = image.png; path = "checkbox1_unchecked@2x.png"; sourceTree = "<group>"; };
		148F96731BD1ED2E0098313B /* PublicDefine.h */ = {isa = PBXFileReference; lastKnownFileType = sourcecode.c.h; path = PublicDefine.h; sourceTree = "<group>"; };
		149FA4EB1BE88BE6002E9097 /* AFHTTPRequestOperation.h */ = {isa = PBXFileReference; fileEncoding = 4; lastKnownFileType = sourcecode.c.h; path = AFHTTPRequestOperation.h; sourceTree = "<group>"; };
		149FA4EC1BE88BE6002E9097 /* AFHTTPRequestOperation.m */ = {isa = PBXFileReference; fileEncoding = 4; lastKnownFileType = sourcecode.c.objc; path = AFHTTPRequestOperation.m; sourceTree = "<group>"; };
		149FA4ED1BE88BE6002E9097 /* AFHTTPRequestOperationManager.h */ = {isa = PBXFileReference; fileEncoding = 4; lastKnownFileType = sourcecode.c.h; path = AFHTTPRequestOperationManager.h; sourceTree = "<group>"; };
		149FA4EE1BE88BE6002E9097 /* AFHTTPRequestOperationManager.m */ = {isa = PBXFileReference; fileEncoding = 4; lastKnownFileType = sourcecode.c.objc; path = AFHTTPRequestOperationManager.m; sourceTree = "<group>"; };
		149FA4EF1BE88BE6002E9097 /* AFHTTPSessionManager.h */ = {isa = PBXFileReference; fileEncoding = 4; lastKnownFileType = sourcecode.c.h; path = AFHTTPSessionManager.h; sourceTree = "<group>"; };
		149FA4F01BE88BE6002E9097 /* AFHTTPSessionManager.m */ = {isa = PBXFileReference; fileEncoding = 4; lastKnownFileType = sourcecode.c.objc; path = AFHTTPSessionManager.m; sourceTree = "<group>"; };
		149FA4F11BE88BE6002E9097 /* AFNetworking.h */ = {isa = PBXFileReference; fileEncoding = 4; lastKnownFileType = sourcecode.c.h; path = AFNetworking.h; sourceTree = "<group>"; };
		149FA4F21BE88BE6002E9097 /* AFNetworkReachabilityManager.h */ = {isa = PBXFileReference; fileEncoding = 4; lastKnownFileType = sourcecode.c.h; path = AFNetworkReachabilityManager.h; sourceTree = "<group>"; };
		149FA4F31BE88BE6002E9097 /* AFNetworkReachabilityManager.m */ = {isa = PBXFileReference; fileEncoding = 4; lastKnownFileType = sourcecode.c.objc; path = AFNetworkReachabilityManager.m; sourceTree = "<group>"; };
		149FA4F41BE88BE6002E9097 /* AFSecurityPolicy.h */ = {isa = PBXFileReference; fileEncoding = 4; lastKnownFileType = sourcecode.c.h; path = AFSecurityPolicy.h; sourceTree = "<group>"; };
		149FA4F51BE88BE6002E9097 /* AFSecurityPolicy.m */ = {isa = PBXFileReference; fileEncoding = 4; lastKnownFileType = sourcecode.c.objc; path = AFSecurityPolicy.m; sourceTree = "<group>"; };
		149FA4F61BE88BE6002E9097 /* AFURLConnectionOperation.h */ = {isa = PBXFileReference; fileEncoding = 4; lastKnownFileType = sourcecode.c.h; path = AFURLConnectionOperation.h; sourceTree = "<group>"; };
		149FA4F71BE88BE6002E9097 /* AFURLConnectionOperation.m */ = {isa = PBXFileReference; fileEncoding = 4; lastKnownFileType = sourcecode.c.objc; path = AFURLConnectionOperation.m; sourceTree = "<group>"; };
		149FA4F81BE88BE6002E9097 /* AFURLRequestSerialization.h */ = {isa = PBXFileReference; fileEncoding = 4; lastKnownFileType = sourcecode.c.h; path = AFURLRequestSerialization.h; sourceTree = "<group>"; };
		149FA4F91BE88BE6002E9097 /* AFURLRequestSerialization.m */ = {isa = PBXFileReference; fileEncoding = 4; lastKnownFileType = sourcecode.c.objc; path = AFURLRequestSerialization.m; sourceTree = "<group>"; };
		149FA4FA1BE88BE6002E9097 /* AFURLResponseSerialization.h */ = {isa = PBXFileReference; fileEncoding = 4; lastKnownFileType = sourcecode.c.h; path = AFURLResponseSerialization.h; sourceTree = "<group>"; };
		149FA4FB1BE88BE6002E9097 /* AFURLResponseSerialization.m */ = {isa = PBXFileReference; fileEncoding = 4; lastKnownFileType = sourcecode.c.objc; path = AFURLResponseSerialization.m; sourceTree = "<group>"; };
		149FA4FC1BE88BE6002E9097 /* AFURLSessionManager.h */ = {isa = PBXFileReference; fileEncoding = 4; lastKnownFileType = sourcecode.c.h; path = AFURLSessionManager.h; sourceTree = "<group>"; };
		149FA4FD1BE88BE6002E9097 /* AFURLSessionManager.m */ = {isa = PBXFileReference; fileEncoding = 4; lastKnownFileType = sourcecode.c.objc; path = AFURLSessionManager.m; sourceTree = "<group>"; };
		149FA4FF1BE88BE6002E9097 /* AFNetworkActivityIndicatorManager.h */ = {isa = PBXFileReference; fileEncoding = 4; lastKnownFileType = sourcecode.c.h; path = AFNetworkActivityIndicatorManager.h; sourceTree = "<group>"; };
		149FA5001BE88BE6002E9097 /* AFNetworkActivityIndicatorManager.m */ = {isa = PBXFileReference; fileEncoding = 4; lastKnownFileType = sourcecode.c.objc; path = AFNetworkActivityIndicatorManager.m; sourceTree = "<group>"; };
		149FA5011BE88BE6002E9097 /* UIActivityIndicatorView+AFNetworking.h */ = {isa = PBXFileReference; fileEncoding = 4; lastKnownFileType = sourcecode.c.h; path = "UIActivityIndicatorView+AFNetworking.h"; sourceTree = "<group>"; };
		149FA5021BE88BE6002E9097 /* UIActivityIndicatorView+AFNetworking.m */ = {isa = PBXFileReference; fileEncoding = 4; lastKnownFileType = sourcecode.c.objc; path = "UIActivityIndicatorView+AFNetworking.m"; sourceTree = "<group>"; };
		149FA5031BE88BE6002E9097 /* UIAlertView+AFNetworking.h */ = {isa = PBXFileReference; fileEncoding = 4; lastKnownFileType = sourcecode.c.h; path = "UIAlertView+AFNetworking.h"; sourceTree = "<group>"; };
		149FA5041BE88BE6002E9097 /* UIAlertView+AFNetworking.m */ = {isa = PBXFileReference; fileEncoding = 4; lastKnownFileType = sourcecode.c.objc; path = "UIAlertView+AFNetworking.m"; sourceTree = "<group>"; };
		149FA5051BE88BE6002E9097 /* UIButton+AFNetworking.h */ = {isa = PBXFileReference; fileEncoding = 4; lastKnownFileType = sourcecode.c.h; path = "UIButton+AFNetworking.h"; sourceTree = "<group>"; };
		149FA5061BE88BE6002E9097 /* UIButton+AFNetworking.m */ = {isa = PBXFileReference; fileEncoding = 4; lastKnownFileType = sourcecode.c.objc; path = "UIButton+AFNetworking.m"; sourceTree = "<group>"; };
		149FA5071BE88BE6002E9097 /* UIImageView+AFNetworking.h */ = {isa = PBXFileReference; fileEncoding = 4; lastKnownFileType = sourcecode.c.h; path = "UIImageView+AFNetworking.h"; sourceTree = "<group>"; };
		149FA5081BE88BE6002E9097 /* UIImageView+AFNetworking.m */ = {isa = PBXFileReference; fileEncoding = 4; lastKnownFileType = sourcecode.c.objc; path = "UIImageView+AFNetworking.m"; sourceTree = "<group>"; };
		149FA5091BE88BE6002E9097 /* UIKit+AFNetworking.h */ = {isa = PBXFileReference; fileEncoding = 4; lastKnownFileType = sourcecode.c.h; path = "UIKit+AFNetworking.h"; sourceTree = "<group>"; };
		149FA50A1BE88BE6002E9097 /* UIProgressView+AFNetworking.h */ = {isa = PBXFileReference; fileEncoding = 4; lastKnownFileType = sourcecode.c.h; path = "UIProgressView+AFNetworking.h"; sourceTree = "<group>"; };
		149FA50B1BE88BE6002E9097 /* UIProgressView+AFNetworking.m */ = {isa = PBXFileReference; fileEncoding = 4; lastKnownFileType = sourcecode.c.objc; path = "UIProgressView+AFNetworking.m"; sourceTree = "<group>"; };
		149FA50C1BE88BE6002E9097 /* UIRefreshControl+AFNetworking.h */ = {isa = PBXFileReference; fileEncoding = 4; lastKnownFileType = sourcecode.c.h; path = "UIRefreshControl+AFNetworking.h"; sourceTree = "<group>"; };
		149FA50D1BE88BE6002E9097 /* UIRefreshControl+AFNetworking.m */ = {isa = PBXFileReference; fileEncoding = 4; lastKnownFileType = sourcecode.c.objc; path = "UIRefreshControl+AFNetworking.m"; sourceTree = "<group>"; };
		149FA50E1BE88BE6002E9097 /* UIWebView+AFNetworking.h */ = {isa = PBXFileReference; fileEncoding = 4; lastKnownFileType = sourcecode.c.h; path = "UIWebView+AFNetworking.h"; sourceTree = "<group>"; };
		149FA50F1BE88BE6002E9097 /* UIWebView+AFNetworking.m */ = {isa = PBXFileReference; fileEncoding = 4; lastKnownFileType = sourcecode.c.objc; path = "UIWebView+AFNetworking.m"; sourceTree = "<group>"; };
		149FA5211BE88C7D002E9097 /* CoreLocation.framework */ = {isa = PBXFileReference; lastKnownFileType = wrapper.framework; name = CoreLocation.framework; path = System/Library/Frameworks/CoreLocation.framework; sourceTree = SDKROOT; };
		149FA5231BE88C88002E9097 /* SystemConfiguration.framework */ = {isa = PBXFileReference; lastKnownFileType = wrapper.framework; name = SystemConfiguration.framework; path = System/Library/Frameworks/SystemConfiguration.framework; sourceTree = SDKROOT; };
		149FA5251BE88C93002E9097 /* MobileCoreServices.framework */ = {isa = PBXFileReference; lastKnownFileType = wrapper.framework; name = MobileCoreServices.framework; path = System/Library/Frameworks/MobileCoreServices.framework; sourceTree = SDKROOT; };
		149FA5271BE88CA0002E9097 /* Security.framework */ = {isa = PBXFileReference; lastKnownFileType = wrapper.framework; name = Security.framework; path = System/Library/Frameworks/Security.framework; sourceTree = SDKROOT; };
		149FA52A1BE88D2B002E9097 /* HttpProtocolAPI.h */ = {isa = PBXFileReference; fileEncoding = 4; lastKnownFileType = sourcecode.c.h; name = HttpProtocolAPI.h; path = "../../../../ios练习/GitHubCode/Post/Post/HttpProtocolAPI.h"; sourceTree = "<group>"; };
		149FA52B1BE88D2B002E9097 /* HttpProtocolAPI.m */ = {isa = PBXFileReference; fileEncoding = 4; lastKnownFileType = sourcecode.c.objc; name = HttpProtocolAPI.m; path = "../../../../ios练习/GitHubCode/Post/Post/HttpProtocolAPI.m"; sourceTree = "<group>"; };
		149FA52E1BE88DB6002E9097 /* UserDataInterface.h */ = {isa = PBXFileReference; fileEncoding = 4; lastKnownFileType = sourcecode.c.h; path = UserDataInterface.h; sourceTree = "<group>"; };
		149FA52F1BE88DB6002E9097 /* UserDataInterface.m */ = {isa = PBXFileReference; fileEncoding = 4; lastKnownFileType = sourcecode.c.objc; path = UserDataInterface.m; sourceTree = "<group>"; };
		149FA5311BE88FE6002E9097 /* RegisterViewController.h */ = {isa = PBXFileReference; fileEncoding = 4; lastKnownFileType = sourcecode.c.h; path = RegisterViewController.h; sourceTree = "<group>"; };
		149FA5321BE88FE6002E9097 /* RegisterViewController.m */ = {isa = PBXFileReference; fileEncoding = 4; lastKnownFileType = sourcecode.c.objc; path = RegisterViewController.m; sourceTree = "<group>"; };
		149FA5381BE8B3E0002E9097 /* SVProgressHUD.h */ = {isa = PBXFileReference; fileEncoding = 4; lastKnownFileType = sourcecode.c.h; path = SVProgressHUD.h; sourceTree = "<group>"; };
		149FA5391BE8B3E0002E9097 /* SVProgressHUD.m */ = {isa = PBXFileReference; fileEncoding = 4; lastKnownFileType = sourcecode.c.objc; path = SVProgressHUD.m; sourceTree = "<group>"; };
		14A36F311BD8811C00B5DCF0 /* SCNavTabBarController.h */ = {isa = PBXFileReference; fileEncoding = 4; lastKnownFileType = sourcecode.c.h; path = SCNavTabBarController.h; sourceTree = "<group>"; };
		14A36F321BD8811C00B5DCF0 /* SCNavTabBarController.m */ = {isa = PBXFileReference; fileEncoding = 4; lastKnownFileType = sourcecode.c.objc; path = SCNavTabBarController.m; sourceTree = "<group>"; };
		14A36F341BD884ED00B5DCF0 /* MainFoodViewController.h */ = {isa = PBXFileReference; fileEncoding = 4; lastKnownFileType = sourcecode.c.h; path = MainFoodViewController.h; sourceTree = "<group>"; };
		14A36F351BD884ED00B5DCF0 /* MainFoodViewController.m */ = {isa = PBXFileReference; fileEncoding = 4; lastKnownFileType = sourcecode.c.objc; path = MainFoodViewController.m; sourceTree = "<group>"; };
		14A36F371BD8852200B5DCF0 /* OtherFoodViewController.h */ = {isa = PBXFileReference; fileEncoding = 4; lastKnownFileType = sourcecode.c.h; path = OtherFoodViewController.h; sourceTree = "<group>"; };
		14A36F381BD8852200B5DCF0 /* OtherFoodViewController.m */ = {isa = PBXFileReference; fileEncoding = 4; lastKnownFileType = sourcecode.c.objc; path = OtherFoodViewController.m; sourceTree = "<group>"; };
		14A36F3A1BD886CD00B5DCF0 /* CommonMacro.h */ = {isa = PBXFileReference; lastKnownFileType = sourcecode.c.h; path = CommonMacro.h; sourceTree = "<group>"; };
		14A36F3B1BD8872600B5DCF0 /* SCNavTabBar.h */ = {isa = PBXFileReference; fileEncoding = 4; lastKnownFileType = sourcecode.c.h; path = SCNavTabBar.h; sourceTree = "<group>"; };
		14A36F3C1BD8872600B5DCF0 /* SCNavTabBar.m */ = {isa = PBXFileReference; fileEncoding = 4; lastKnownFileType = sourcecode.c.objc; path = SCNavTabBar.m; sourceTree = "<group>"; };
		14A36F3E1BD8876000B5DCF0 /* SCPopView.h */ = {isa = PBXFileReference; fileEncoding = 4; lastKnownFileType = sourcecode.c.h; path = SCPopView.h; sourceTree = "<group>"; };
		14A36F3F1BD8876000B5DCF0 /* SCPopView.m */ = {isa = PBXFileReference; fileEncoding = 4; lastKnownFileType = sourcecode.c.objc; path = SCPopView.m; sourceTree = "<group>"; };
		14A36F411BD8BD3C00B5DCF0 /* MenuDetailsTableViewController.h */ = {isa = PBXFileReference; fileEncoding = 4; lastKnownFileType = sourcecode.c.h; path = MenuDetailsTableViewController.h; sourceTree = "<group>"; };
		14A36F421BD8BD3C00B5DCF0 /* MenuDetailsTableViewController.m */ = {isa = PBXFileReference; fileEncoding = 4; lastKnownFileType = sourcecode.c.objc; path = MenuDetailsTableViewController.m; sourceTree = "<group>"; };
		14A36F451BD8C1B600B5DCF0 /* Custom_ScrollImageView.h */ = {isa = PBXFileReference; fileEncoding = 4; lastKnownFileType = sourcecode.c.h; path = Custom_ScrollImageView.h; sourceTree = "<group>"; };
		14A36F461BD8C1B600B5DCF0 /* Custom_ScrollImageView.m */ = {isa = PBXFileReference; fileEncoding = 4; lastKnownFileType = sourcecode.c.objc; path = Custom_ScrollImageView.m; sourceTree = "<group>"; };
		14A36F481BD8C9A300B5DCF0 /* potato.jpg */ = {isa = PBXFileReference; lastKnownFileType = image.jpeg; path = potato.jpg; sourceTree = "<group>"; };
		14A36F491BD8C9A300B5DCF0 /* shrimp.jpg */ = {isa = PBXFileReference; lastKnownFileType = image.jpeg; path = shrimp.jpg; sourceTree = "<group>"; };
		14A36F4C1BD8CAAC00B5DCF0 /* fish.jpg */ = {isa = PBXFileReference; lastKnownFileType = image.jpeg; path = fish.jpg; sourceTree = "<group>"; };
		14A4337A1BDDC89700A7AF3A /* CustomBasePopView.h */ = {isa = PBXFileReference; fileEncoding = 4; lastKnownFileType = sourcecode.c.h; name = CustomBasePopView.h; path = Application/widget/Customize/PopView/CustomBasePopView.h; sourceTree = SOURCE_ROOT; };
		14A4337B1BDDC89700A7AF3A /* CustomBasePopView.m */ = {isa = PBXFileReference; fileEncoding = 4; lastKnownFileType = sourcecode.c.objc; name = CustomBasePopView.m; path = Application/widget/Customize/PopView/CustomBasePopView.m; sourceTree = SOURCE_ROOT; };
		14A4337D1BDDD12C00A7AF3A /* MenuEditPopView.h */ = {isa = PBXFileReference; fileEncoding = 4; lastKnownFileType = sourcecode.c.h; path = MenuEditPopView.h; sourceTree = "<group>"; };
		14A4337E1BDDD12C00A7AF3A /* MenuEditPopView.m */ = {isa = PBXFileReference; fileEncoding = 4; lastKnownFileType = sourcecode.c.objc; path = MenuEditPopView.m; sourceTree = "<group>"; };
		14A433801BDDD19100A7AF3A /* MenuEditPopView.xib */ = {isa = PBXFileReference; fileEncoding = 4; lastKnownFileType = file.xib; path = MenuEditPopView.xib; sourceTree = "<group>"; };
		14A433831BDE58D900A7AF3A /* PhotoGroupTableViewCell.h */ = {isa = PBXFileReference; fileEncoding = 4; lastKnownFileType = sourcecode.c.h; path = PhotoGroupTableViewCell.h; sourceTree = "<group>"; };
		14A433841BDE58D900A7AF3A /* PhotoGroupTableViewCell.m */ = {isa = PBXFileReference; fileEncoding = 4; lastKnownFileType = sourcecode.c.objc; path = PhotoGroupTableViewCell.m; sourceTree = "<group>"; };
		14A433861BDE5A8A00A7AF3A /* Media_Photo.h */ = {isa = PBXFileReference; fileEncoding = 4; lastKnownFileType = sourcecode.c.h; path = Media_Photo.h; sourceTree = "<group>"; };
		14A433871BDE5A8A00A7AF3A /* Media_Photo.m */ = {isa = PBXFileReference; fileEncoding = 4; lastKnownFileType = sourcecode.c.objc; path = Media_Photo.m; sourceTree = "<group>"; };
		14A433891BDE617F00A7AF3A /* ic_add_pic_normal.png */ = {isa = PBXFileReference; lastKnownFileType = image.png; path = ic_add_pic_normal.png; sourceTree = "<group>"; };
		14A4338A1BDE617F00A7AF3A /* ic_add_pic_pressed.png */ = {isa = PBXFileReference; lastKnownFileType = image.png; path = ic_add_pic_pressed.png; sourceTree = "<group>"; };
		14D434581BD13659000C72F6 /* MenuCollectionViewCell.h */ = {isa = PBXFileReference; fileEncoding = 4; lastKnownFileType = sourcecode.c.h; path = MenuCollectionViewCell.h; sourceTree = "<group>"; };
		14D434591BD13659000C72F6 /* MenuCollectionViewCell.m */ = {isa = PBXFileReference; fileEncoding = 4; lastKnownFileType = sourcecode.c.objc; path = MenuCollectionViewCell.m; sourceTree = "<group>"; };
		14FBCE831BA8552B00F23D78 /* LoginViewController.h */ = {isa = PBXFileReference; fileEncoding = 4; lastKnownFileType = sourcecode.c.h; path = LoginViewController.h; sourceTree = "<group>"; };
		14FBCE841BA8552B00F23D78 /* LoginViewController.m */ = {isa = PBXFileReference; fileEncoding = 4; lastKnownFileType = sourcecode.c.objc; path = LoginViewController.m; sourceTree = "<group>"; };
		14FBCE861BA8572C00F23D78 /* LoginView.h */ = {isa = PBXFileReference; fileEncoding = 4; lastKnownFileType = sourcecode.c.h; path = LoginView.h; sourceTree = "<group>"; };
		14FBCE871BA8572C00F23D78 /* LoginView.m */ = {isa = PBXFileReference; fileEncoding = 4; lastKnownFileType = sourcecode.c.objc; path = LoginView.m; sourceTree = "<group>"; };
/* End PBXFileReference section */

/* Begin PBXFrameworksBuildPhase section */
		1470407E1BA700AE007F6414 /* Frameworks */ = {
			isa = PBXFrameworksBuildPhase;
			buildActionMask = 2147483647;
			files = (
				149FA5281BE88CA0002E9097 /* Security.framework in Frameworks */,
				149FA5261BE88C93002E9097 /* MobileCoreServices.framework in Frameworks */,
				149FA5241BE88C88002E9097 /* SystemConfiguration.framework in Frameworks */,
				149FA5221BE88C7D002E9097 /* CoreLocation.framework in Frameworks */,
			);
			runOnlyForDeploymentPostprocessing = 0;
		};
		1470409A1BA700AE007F6414 /* Frameworks */ = {
			isa = PBXFrameworksBuildPhase;
			buildActionMask = 2147483647;
			files = (
			);
			runOnlyForDeploymentPostprocessing = 0;
		};
/* End PBXFrameworksBuildPhase section */

/* Begin PBXGroup section */
		14489D1C1BCFDB6D0026BB80 /* Resource */ = {
			isa = PBXGroup;
			children = (
				14489D1D1BCFDB6D0026BB80 /* image */,
			);
			path = Resource;
			sourceTree = "<group>";
		};
		14489D1D1BCFDB6D0026BB80 /* image */ = {
			isa = PBXGroup;
			children = (
				14489D1E1BCFDB6D0026BB80 /* order */,
				14489D1F1BCFDB6D0026BB80 /* public */,
			);
			path = image;
			sourceTree = "<group>";
		};
		14489D1E1BCFDB6D0026BB80 /* order */ = {
			isa = PBXGroup;
			children = (
			);
			path = order;
			sourceTree = "<group>";
		};
		14489D1F1BCFDB6D0026BB80 /* public */ = {
			isa = PBXGroup;
			children = (
				146DB0211BF71D1B00F0EC99 /* img_apply_default_normal.9.png */,
				143FACB91C01A92500B7A1EE /* bg.png */,
				146DB0221BF71D1B00F0EC99 /* img_apply_default_pressed.9.png */,
				146DB01F1BF71C8900F0EC99 /* business.jpg */,
				146DB0191BF71C2900F0EC99 /* id_pic0.png */,
				146DB01A1BF71C2900F0EC99 /* id_pic2.png */,
				146DB01B1BF71C2900F0EC99 /* id_pic3.png */,
				14A433891BDE617F00A7AF3A /* ic_add_pic_normal.png */,
				14A4338A1BDE617F00A7AF3A /* ic_add_pic_pressed.png */,
				148251411BD7819500E0DB20 /* checkbox1_unchecked.png */,
				148251421BD7819500E0DB20 /* checkbox1_unchecked@2x.png */,
				1482513D1BD7817F00E0DB20 /* checkbox1_checked.png */,
				1482513E1BD7817F00E0DB20 /* checkbox1_checked@2x.png */,
				14489D201BCFDB7C0026BB80 /* ic_launcher.png */,
				14489D221BCFDE300026BB80 /* avatar_default.png */,
				14A36F481BD8C9A300B5DCF0 /* potato.jpg */,
				14A36F491BD8C9A300B5DCF0 /* shrimp.jpg */,
				14A36F4C1BD8CAAC00B5DCF0 /* fish.jpg */,
				14587F241BDBBDB30012464A /* OrderBackGroup.png */,
			);
			path = public;
			sourceTree = "<group>";
		};
		146D2BF61BCE8CAB0081D543 /* Menu */ = {
			isa = PBXGroup;
			children = (
				146D2BF71BCE8CAB0081D543 /* Modal */,
				146D2BF81BCE8CAB0081D543 /* View */,
				146D2BF91BCE8CAB0081D543 /* ViewController */,
			);
			path = Menu;
			sourceTree = "<group>";
		};
		146D2BF71BCE8CAB0081D543 /* Modal */ = {
			isa = PBXGroup;
			children = (
			);
			path = Modal;
			sourceTree = "<group>";
		};
		146D2BF81BCE8CAB0081D543 /* View */ = {
			isa = PBXGroup;
			children = (
				146D2C011BCE8EB10081D543 /* MenuView.h */,
				146D2C021BCE8EB10081D543 /* MenuView.m */,
				14D434581BD13659000C72F6 /* MenuCollectionViewCell.h */,
				14D434591BD13659000C72F6 /* MenuCollectionViewCell.m */,
				1482513B1BD77FB700E0DB20 /* MenuCollectionCell.xib */,
				14587F1C1BDBB7820012464A /* OrderHandlingView.h */,
				14587F1D1BDBB7820012464A /* OrderHandlingView.m */,
				14587F1F1BDBB99F0012464A /* OrderHandCollectionViewCell.h */,
				14587F201BDBB99F0012464A /* OrderHandCollectionViewCell.m */,
				14587F221BDBB9B10012464A /* OrderHandCollectionViewCell.xib */,
			);
			path = View;
			sourceTree = "<group>";
		};
		146D2BF91BCE8CAB0081D543 /* ViewController */ = {
			isa = PBXGroup;
			children = (
				146D2C071BCE8F790081D543 /* MenuViewController.h */,
				146D2C081BCE8F790081D543 /* MenuViewController.m */,
				14A36F341BD884ED00B5DCF0 /* MainFoodViewController.h */,
				14A36F351BD884ED00B5DCF0 /* MainFoodViewController.m */,
				14A36F371BD8852200B5DCF0 /* OtherFoodViewController.h */,
				14A36F381BD8852200B5DCF0 /* OtherFoodViewController.m */,
				14A36F411BD8BD3C00B5DCF0 /* MenuDetailsTableViewController.h */,
				14A36F421BD8BD3C00B5DCF0 /* MenuDetailsTableViewController.m */,
				14587F191BDBB3860012464A /* OrderHandlingViewController.h */,
				14587F1A1BDBB3860012464A /* OrderHandlingViewController.m */,
				14A4337D1BDDD12C00A7AF3A /* MenuEditPopView.h */,
				14A4337E1BDDD12C00A7AF3A /* MenuEditPopView.m */,
				14A433801BDDD19100A7AF3A /* MenuEditPopView.xib */,
				143FACBE1C01C73D00B7A1EE /* MissingTableViewController.h */,
				143FACBF1C01C73D00B7A1EE /* MissingTableViewController.m */,
			);
			path = ViewController;
			sourceTree = "<group>";
		};
		146D2BFA1BCE8CB40081D543 /* Order */ = {
			isa = PBXGroup;
			children = (
				146D2BFB1BCE8CB40081D543 /* Modal */,
				146D2BFC1BCE8CB40081D543 /* View */,
				146D2BFD1BCE8CB40081D543 /* ViewController */,
			);
			path = Order;
			sourceTree = "<group>";
		};
		146D2BFB1BCE8CB40081D543 /* Modal */ = {
			isa = PBXGroup;
			children = (
			);
			path = Modal;
			sourceTree = "<group>";
		};
		146D2BFC1BCE8CB40081D543 /* View */ = {
			isa = PBXGroup;
			children = (
				146C8C2F1BE5B6FA00B5F7DF /* YFJLeftSwipeDeleteTableView.h */,
				146C8C301BE5B6FA00B5F7DF /* YFJLeftSwipeDeleteTableView.m */,
				1479C17E1BE062EF00D12FE1 /* OrderView.h */,
				1479C17F1BE062EF00D12FE1 /* OrderView.m */,
				1479C1811BE0656200D12FE1 /* OrderDetailTableViewCell.h */,
				1479C1821BE0656200D12FE1 /* OrderDetailTableViewCell.m */,
				1479C1841BE0658B00D12FE1 /* OrderDetailTableViewCell.xib */,
				146C8C271BE5AA6600B5F7DF /* OrderDetailView.h */,
				146C8C281BE5AA6600B5F7DF /* OrderDetailView.m */,
				146C8C2A1BE5ABD400B5F7DF /* OrderDetailList.xib */,
				146C8C2C1BE5ABFC00B5F7DF /* DetailListTableViewCell.h */,
				146C8C2D1BE5ABFC00B5F7DF /* DetailListTableViewCell.m */,
			);
			path = View;
			sourceTree = "<group>";
		};
		146D2BFD1BCE8CB40081D543 /* ViewController */ = {
			isa = PBXGroup;
			children = (
				1479C1751BE0599B00D12FE1 /* OrderViewController.h */,
				1479C1761BE0599B00D12FE1 /* OrderViewController.m */,
				1479C1781BE05F6700D12FE1 /* UnPaymentViewController.h */,
				1479C1791BE05F6700D12FE1 /* UnPaymentViewController.m */,
				1479C17B1BE05F7200D12FE1 /* PaymentViewController.h */,
				1479C17C1BE05F7200D12FE1 /* PaymentViewController.m */,
				146C8C321BE5B75600B5F7DF /* OrderDetailViewController.h */,
				146C8C331BE5B75600B5F7DF /* OrderDetailViewController.m */,
			);
			path = ViewController;
			sourceTree = "<group>";
		};
		146DB0151BF713EA00F0EC99 /* 单选按钮 */ = {
			isa = PBXGroup;
			children = (
				146DB0161BF713EA00F0EC99 /* QCheckBox.h */,
				146DB0171BF713EA00F0EC99 /* QCheckBox.m */,
			);
			path = "单选按钮";
			sourceTree = "<group>";
		};
		147040781BA700AE007F6414 = {
			isa = PBXGroup;
			children = (
				149FA5291BE88CB4002E9097 /* FrameWork */,
				147040B81BA701F4007F6414 /* ThirdPartyLibraries */,
				149FA52D1BE88D7E002E9097 /* Modal */,
				147040AF1BA70188007F6414 /* FunctionClass */,
				147040AD1BA700E8007F6414 /* Application */,
				147040831BA700AE007F6414 /* OrderMeal */,
				147040A01BA700AE007F6414 /* OrderMealTests */,
				147040821BA700AE007F6414 /* Products */,
				14489D1C1BCFDB6D0026BB80 /* Resource */,
			);
			sourceTree = "<group>";
		};
		147040821BA700AE007F6414 /* Products */ = {
			isa = PBXGroup;
			children = (
				147040811BA700AE007F6414 /* OrderMeal.app */,
				1470409D1BA700AE007F6414 /* OrderMealTests.xctest */,
			);
			name = Products;
			sourceTree = "<group>";
		};
		147040831BA700AE007F6414 /* OrderMeal */ = {
			isa = PBXGroup;
			children = (
				147040881BA700AE007F6414 /* AppDelegate.h */,
				147040891BA700AE007F6414 /* AppDelegate.m */,
				1470408E1BA700AE007F6414 /* ViewController.h */,
				1470408F1BA700AE007F6414 /* ViewController.m */,
				147040911BA700AE007F6414 /* Main.storyboard */,
				147040941BA700AE007F6414 /* Images.xcassets */,
				147040961BA700AE007F6414 /* LaunchScreen.xib */,
				1470408B1BA700AE007F6414 /* OrderMeal.xcdatamodeld */,
				147040841BA700AE007F6414 /* Supporting Files */,
			);
			path = OrderMeal;
			sourceTree = "<group>";
		};
		147040841BA700AE007F6414 /* Supporting Files */ = {
			isa = PBXGroup;
			children = (
				147040851BA700AE007F6414 /* Info.plist */,
				147040861BA700AE007F6414 /* main.m */,
			);
			name = "Supporting Files";
			sourceTree = "<group>";
		};
		147040A01BA700AE007F6414 /* OrderMealTests */ = {
			isa = PBXGroup;
			children = (
				147040A31BA700AE007F6414 /* OrderMealTests.m */,
				147040A11BA700AE007F6414 /* Supporting Files */,
			);
			path = OrderMealTests;
			sourceTree = "<group>";
		};
		147040A11BA700AE007F6414 /* Supporting Files */ = {
			isa = PBXGroup;
			children = (
				147040A21BA700AE007F6414 /* Info.plist */,
			);
			name = "Supporting Files";
			sourceTree = "<group>";
		};
		147040AD1BA700E8007F6414 /* Application */ = {
			isa = PBXGroup;
			children = (
				14A36F2D1BD880D000B5DCF0 /* widget */,
				148F96721BD1ED0F0098313B /* PublicDefine */,
				146D2BFA1BCE8CB40081D543 /* Order */,
				146D2BF61BCE8CAB0081D543 /* Menu */,
				14FBCE7F1BA8551000F23D78 /* Login */,
				147040B91BA702A0007F6414 /* Root */,
				147040B01BA701AE007F6414 /* Home */,
				147040B41BA701AE007F6414 /* Me */,
			);
			path = Application;
			sourceTree = "<group>";
		};
		147040AF1BA70188007F6414 /* FunctionClass */ = {
			isa = PBXGroup;
			children = (
				149FA52A1BE88D2B002E9097 /* HttpProtocolAPI.h */,
				149FA52B1BE88D2B002E9097 /* HttpProtocolAPI.m */,
				147040C01BA707C1007F6414 /* LoginSystem.h */,
				147040C11BA707C1007F6414 /* LoginSystem.m */,
				147040C31BA707EC007F6414 /* Company.h */,
				147040C41BA707EC007F6414 /* Company.m */,
				147040C61BA70803007F6414 /* Actor.h */,
				147040C71BA70803007F6414 /* Actor.m */,
				147040C91BA7081E007F6414 /* BOSS.h */,
				147040CA1BA7081E007F6414 /* BOSS.m */,
				147040CC1BA70842007F6414 /* Waiter.h */,
				147040CD1BA70842007F6414 /* Waiter.m */,
				147040CF1BA70873007F6414 /* Chefs.h */,
				147040D01BA70873007F6414 /* Chefs.m */,
				147040D21BA708BD007F6414 /* Cashier.h */,
				147040D31BA708BD007F6414 /* Cashier.m */,
				147040D51BA708F0007F6414 /* RestaurantManager.h */,
				147040D61BA708F0007F6414 /* RestaurantManager.m */,
				147040D81BA70932007F6414 /* MenuManagement.h */,
				147040D91BA70932007F6414 /* MenuManagement.m */,
				147040DB1BA70946007F6414 /* OrderManagement.h */,
				147040DC1BA70946007F6414 /* OrderManagement.m */,
				147040DE1BA70976007F6414 /* Payment.h */,
				147040DF1BA70976007F6414 /* Payment.m */,
				147040E11BA70A11007F6414 /* BillManagement.h */,
				147040E21BA70A11007F6414 /* BillManagement.m */,
				147040E41BA70A88007F6414 /* AccountManagement.h */,
				147040E51BA70A88007F6414 /* AccountManagement.m */,
			);
			path = FunctionClass;
			sourceTree = "<group>";
		};
		147040B01BA701AE007F6414 /* Home */ = {
			isa = PBXGroup;
			children = (
				147040B11BA701AE007F6414 /* Modal */,
				147040B21BA701AE007F6414 /* View */,
				147040B31BA701AE007F6414 /* ViewController */,
			);
			path = Home;
			sourceTree = "<group>";
		};
		147040B11BA701AE007F6414 /* Modal */ = {
			isa = PBXGroup;
			children = (
			);
			path = Modal;
			sourceTree = "<group>";
		};
		147040B21BA701AE007F6414 /* View */ = {
			isa = PBXGroup;
			children = (
			);
			path = View;
			sourceTree = "<group>";
		};
		147040B31BA701AE007F6414 /* ViewController */ = {
			isa = PBXGroup;
			children = (
			);
			path = ViewController;
			sourceTree = "<group>";
		};
		147040B41BA701AE007F6414 /* Me */ = {
			isa = PBXGroup;
			children = (
				147040B51BA701AE007F6414 /* Modal */,
				147040B61BA701AE007F6414 /* View */,
				147040B71BA701AE007F6414 /* ViewController */,
			);
			path = Me;
			sourceTree = "<group>";
		};
		147040B51BA701AE007F6414 /* Modal */ = {
			isa = PBXGroup;
			children = (
			);
			path = Modal;
			sourceTree = "<group>";
		};
		147040B61BA701AE007F6414 /* View */ = {
			isa = PBXGroup;
			children = (
			);
			path = View;
			sourceTree = "<group>";
		};
		147040B71BA701AE007F6414 /* ViewController */ = {
			isa = PBXGroup;
			children = (
			);
			path = ViewController;
			sourceTree = "<group>";
		};
		147040B81BA701F4007F6414 /* ThirdPartyLibraries */ = {
			isa = PBXGroup;
			children = (
				149FA4EA1BE88BE6002E9097 /* AFNetworking */,
			);
			path = ThirdPartyLibraries;
			sourceTree = "<group>";
		};
		147040B91BA702A0007F6414 /* Root */ = {
			isa = PBXGroup;
			children = (
				147040BA1BA702A0007F6414 /* Modal */,
				147040BB1BA702A0007F6414 /* View */,
				147040BC1BA702A0007F6414 /* ViewController */,
			);
			path = Root;
			sourceTree = "<group>";
		};
		147040BA1BA702A0007F6414 /* Modal */ = {
			isa = PBXGroup;
			children = (
			);
			path = Modal;
			sourceTree = "<group>";
		};
		147040BB1BA702A0007F6414 /* View */ = {
			isa = PBXGroup;
			children = (
			);
			path = View;
			sourceTree = "<group>";
		};
		147040BC1BA702A0007F6414 /* ViewController */ = {
			isa = PBXGroup;
			children = (
				147040BD1BA70321007F6414 /* RootTabBarViewController.h */,
				147040BE1BA70321007F6414 /* RootTabBarViewController.m */,
			);
			path = ViewController;
			sourceTree = "<group>";
		};
		148F96721BD1ED0F0098313B /* PublicDefine */ = {
			isa = PBXGroup;
			children = (
				14A36F3A1BD886CD00B5DCF0 /* CommonMacro.h */,
				148F96731BD1ED2E0098313B /* PublicDefine.h */,
				146C1F661BE9D24B004D11BF /* PublicFunction.h */,
				146C1F671BE9D24B004D11BF /* PublicFunction.m */,
			);
			path = PublicDefine;
			sourceTree = "<group>";
		};
		149FA4EA1BE88BE6002E9097 /* AFNetworking */ = {
			isa = PBXGroup;
			children = (
				149FA4EB1BE88BE6002E9097 /* AFHTTPRequestOperation.h */,
				149FA4EC1BE88BE6002E9097 /* AFHTTPRequestOperation.m */,
				149FA4ED1BE88BE6002E9097 /* AFHTTPRequestOperationManager.h */,
				149FA4EE1BE88BE6002E9097 /* AFHTTPRequestOperationManager.m */,
				149FA4EF1BE88BE6002E9097 /* AFHTTPSessionManager.h */,
				149FA4F01BE88BE6002E9097 /* AFHTTPSessionManager.m */,
				149FA4F11BE88BE6002E9097 /* AFNetworking.h */,
				149FA4F21BE88BE6002E9097 /* AFNetworkReachabilityManager.h */,
				149FA4F31BE88BE6002E9097 /* AFNetworkReachabilityManager.m */,
				149FA4F41BE88BE6002E9097 /* AFSecurityPolicy.h */,
				149FA4F51BE88BE6002E9097 /* AFSecurityPolicy.m */,
				149FA4F61BE88BE6002E9097 /* AFURLConnectionOperation.h */,
				149FA4F71BE88BE6002E9097 /* AFURLConnectionOperation.m */,
				149FA4F81BE88BE6002E9097 /* AFURLRequestSerialization.h */,
				149FA4F91BE88BE6002E9097 /* AFURLRequestSerialization.m */,
				149FA4FA1BE88BE6002E9097 /* AFURLResponseSerialization.h */,
				149FA4FB1BE88BE6002E9097 /* AFURLResponseSerialization.m */,
				149FA4FC1BE88BE6002E9097 /* AFURLSessionManager.h */,
				149FA4FD1BE88BE6002E9097 /* AFURLSessionManager.m */,
				149FA4FE1BE88BE6002E9097 /* UIKit+AFNetworking */,
			);
			path = AFNetworking;
			sourceTree = "<group>";
		};
		149FA4FE1BE88BE6002E9097 /* UIKit+AFNetworking */ = {
			isa = PBXGroup;
			children = (
				149FA4FF1BE88BE6002E9097 /* AFNetworkActivityIndicatorManager.h */,
				149FA5001BE88BE6002E9097 /* AFNetworkActivityIndicatorManager.m */,
				149FA5011BE88BE6002E9097 /* UIActivityIndicatorView+AFNetworking.h */,
				149FA5021BE88BE6002E9097 /* UIActivityIndicatorView+AFNetworking.m */,
				149FA5031BE88BE6002E9097 /* UIAlertView+AFNetworking.h */,
				149FA5041BE88BE6002E9097 /* UIAlertView+AFNetworking.m */,
				149FA5051BE88BE6002E9097 /* UIButton+AFNetworking.h */,
				149FA5061BE88BE6002E9097 /* UIButton+AFNetworking.m */,
				149FA5071BE88BE6002E9097 /* UIImageView+AFNetworking.h */,
				149FA5081BE88BE6002E9097 /* UIImageView+AFNetworking.m */,
				149FA5091BE88BE6002E9097 /* UIKit+AFNetworking.h */,
				149FA50A1BE88BE6002E9097 /* UIProgressView+AFNetworking.h */,
				149FA50B1BE88BE6002E9097 /* UIProgressView+AFNetworking.m */,
				149FA50C1BE88BE6002E9097 /* UIRefreshControl+AFNetworking.h */,
				149FA50D1BE88BE6002E9097 /* UIRefreshControl+AFNetworking.m */,
				149FA50E1BE88BE6002E9097 /* UIWebView+AFNetworking.h */,
				149FA50F1BE88BE6002E9097 /* UIWebView+AFNetworking.m */,
			);
			path = "UIKit+AFNetworking";
			sourceTree = "<group>";
		};
		149FA5291BE88CB4002E9097 /* FrameWork */ = {
			isa = PBXGroup;
			children = (
				149FA5271BE88CA0002E9097 /* Security.framework */,
				149FA5251BE88C93002E9097 /* MobileCoreServices.framework */,
				149FA5231BE88C88002E9097 /* SystemConfiguration.framework */,
				149FA5211BE88C7D002E9097 /* CoreLocation.framework */,
			);
			name = FrameWork;
			sourceTree = "<group>";
		};
		149FA52D1BE88D7E002E9097 /* Modal */ = {
			isa = PBXGroup;
			children = (
				149FA52E1BE88DB6002E9097 /* UserDataInterface.h */,
				149FA52F1BE88DB6002E9097 /* UserDataInterface.m */,
			);
			name = Modal;
			path = FunctionClass;
			sourceTree = "<group>";
		};
		149FA5371BE8B3D0002E9097 /* HUD */ = {
			isa = PBXGroup;
			children = (
				149FA5381BE8B3E0002E9097 /* SVProgressHUD.h */,
				149FA5391BE8B3E0002E9097 /* SVProgressHUD.m */,
			);
			path = HUD;
			sourceTree = "<group>";
		};
		14A36F2D1BD880D000B5DCF0 /* widget */ = {
			isa = PBXGroup;
			children = (
				14A36F2E1BD880D000B5DCF0 /* Customize */,
				14A36F2F1BD880D000B5DCF0 /* OpenCode */,
			);
			path = widget;
			sourceTree = "<group>";
		};
		14A36F2E1BD880D000B5DCF0 /* Customize */ = {
			isa = PBXGroup;
			children = (
				146DB0151BF713EA00F0EC99 /* 单选按钮 */,
				149FA5371BE8B3D0002E9097 /* HUD */,
				14A433821BDE58D900A7AF3A /* PhotoGroup */,
				14A433791BDDC5CA00A7AF3A /* PopView */,
				14A36F441BD8C1B600B5DCF0 /* LoopImageView */,
			);
			path = Customize;
			sourceTree = "<group>";
		};
		14A36F2F1BD880D000B5DCF0 /* OpenCode */ = {
			isa = PBXGroup;
			children = (
				14A36F301BD8811C00B5DCF0 /* NavTabBar */,
			);
			path = OpenCode;
			sourceTree = "<group>";
		};
		14A36F301BD8811C00B5DCF0 /* NavTabBar */ = {
			isa = PBXGroup;
			children = (
				14A36F311BD8811C00B5DCF0 /* SCNavTabBarController.h */,
				14A36F321BD8811C00B5DCF0 /* SCNavTabBarController.m */,
				14A36F3B1BD8872600B5DCF0 /* SCNavTabBar.h */,
				14A36F3C1BD8872600B5DCF0 /* SCNavTabBar.m */,
				14A36F3E1BD8876000B5DCF0 /* SCPopView.h */,
				14A36F3F1BD8876000B5DCF0 /* SCPopView.m */,
			);
			path = NavTabBar;
			sourceTree = "<group>";
		};
		14A36F441BD8C1B600B5DCF0 /* LoopImageView */ = {
			isa = PBXGroup;
			children = (
				14A36F451BD8C1B600B5DCF0 /* Custom_ScrollImageView.h */,
				14A36F461BD8C1B600B5DCF0 /* Custom_ScrollImageView.m */,
			);
			path = LoopImageView;
			sourceTree = "<group>";
		};
		14A433791BDDC5CA00A7AF3A /* PopView */ = {
			isa = PBXGroup;
			children = (
				14A4337A1BDDC89700A7AF3A /* CustomBasePopView.h */,
				14A4337B1BDDC89700A7AF3A /* CustomBasePopView.m */,
			);
			name = PopView;
			path = LoopImageView/PopView;
			sourceTree = "<group>";
		};
		14A433821BDE58D900A7AF3A /* PhotoGroup */ = {
			isa = PBXGroup;
			children = (
				14A433831BDE58D900A7AF3A /* PhotoGroupTableViewCell.h */,
				14A433841BDE58D900A7AF3A /* PhotoGroupTableViewCell.m */,
				14A433861BDE5A8A00A7AF3A /* Media_Photo.h */,
				14A433871BDE5A8A00A7AF3A /* Media_Photo.m */,
			);
			path = PhotoGroup;
			sourceTree = "<group>";
		};
		14FBCE7F1BA8551000F23D78 /* Login */ = {
			isa = PBXGroup;
			children = (
				14FBCE801BA8551000F23D78 /* Modal */,
				14FBCE811BA8551000F23D78 /* View */,
				14FBCE821BA8551000F23D78 /* ViewController */,
			);
			path = Login;
			sourceTree = "<group>";
		};
		14FBCE801BA8551000F23D78 /* Modal */ = {
			isa = PBXGroup;
			children = (
			);
			path = Modal;
			sourceTree = "<group>";
		};
		14FBCE811BA8551000F23D78 /* View */ = {
			isa = PBXGroup;
			children = (
				14FBCE861BA8572C00F23D78 /* LoginView.h */,
				14FBCE871BA8572C00F23D78 /* LoginView.m */,
			);
			path = View;
			sourceTree = "<group>";
		};
		14FBCE821BA8551000F23D78 /* ViewController */ = {
			isa = PBXGroup;
			children = (
				143FACBB1C01AC8500B7A1EE /* PersonalDataController.h */,
				143FACBC1C01AC8500B7A1EE /* PersonalDataController.m */,
				143FACB61C01A74C00B7A1EE /* WWSideslipViewController.h */,
				143FACB71C01A74C00B7A1EE /* WWSideslipViewController.m */,
				149FA5311BE88FE6002E9097 /* RegisterViewController.h */,
				149FA5321BE88FE6002E9097 /* RegisterViewController.m */,
				14FBCE831BA8552B00F23D78 /* LoginViewController.h */,
				14FBCE841BA8552B00F23D78 /* LoginViewController.m */,
				146DB0121BF70E3600F0EC99 /* ApplyCourierController.h */,
				146DB0131BF70E3600F0EC99 /* ApplyCourierController.m */,
			);
			path = ViewController;
			sourceTree = "<group>";
		};
/* End PBXGroup section */

/* Begin PBXNativeTarget section */
		147040801BA700AE007F6414 /* OrderMeal */ = {
			isa = PBXNativeTarget;
			buildConfigurationList = 147040A71BA700AE007F6414 /* Build configuration list for PBXNativeTarget "OrderMeal" */;
			buildPhases = (
				1470407D1BA700AE007F6414 /* Sources */,
				1470407E1BA700AE007F6414 /* Frameworks */,
				1470407F1BA700AE007F6414 /* Resources */,
			);
			buildRules = (
			);
			dependencies = (
			);
			name = OrderMeal;
			productName = OrderMeal;
			productReference = 147040811BA700AE007F6414 /* OrderMeal.app */;
			productType = "com.apple.product-type.application";
		};
		1470409C1BA700AE007F6414 /* OrderMealTests */ = {
			isa = PBXNativeTarget;
			buildConfigurationList = 147040AA1BA700AE007F6414 /* Build configuration list for PBXNativeTarget "OrderMealTests" */;
			buildPhases = (
				147040991BA700AE007F6414 /* Sources */,
				1470409A1BA700AE007F6414 /* Frameworks */,
				1470409B1BA700AE007F6414 /* Resources */,
			);
			buildRules = (
			);
			dependencies = (
				1470409F1BA700AE007F6414 /* PBXTargetDependency */,
			);
			name = OrderMealTests;
			productName = OrderMealTests;
			productReference = 1470409D1BA700AE007F6414 /* OrderMealTests.xctest */;
			productType = "com.apple.product-type.bundle.unit-test";
		};
/* End PBXNativeTarget section */

/* Begin PBXProject section */
		147040791BA700AE007F6414 /* Project object */ = {
			isa = PBXProject;
			attributes = {
				LastUpgradeCheck = 0610;
				ORGANIZATIONNAME = cheng;
				TargetAttributes = {
					147040801BA700AE007F6414 = {
						CreatedOnToolsVersion = 6.1;
					};
					1470409C1BA700AE007F6414 = {
						CreatedOnToolsVersion = 6.1;
						TestTargetID = 147040801BA700AE007F6414;
					};
				};
			};
			buildConfigurationList = 1470407C1BA700AE007F6414 /* Build configuration list for PBXProject "OrderMeal" */;
			compatibilityVersion = "Xcode 3.2";
			developmentRegion = English;
			hasScannedForEncodings = 0;
			knownRegions = (
				en,
				Base,
			);
			mainGroup = 147040781BA700AE007F6414;
			productRefGroup = 147040821BA700AE007F6414 /* Products */;
			projectDirPath = "";
			projectRoot = "";
			targets = (
				147040801BA700AE007F6414 /* OrderMeal */,
				1470409C1BA700AE007F6414 /* OrderMealTests */,
			);
		};
/* End PBXProject section */

/* Begin PBXResourcesBuildPhase section */
		1470407F1BA700AE007F6414 /* Resources */ = {
			isa = PBXResourcesBuildPhase;
			buildActionMask = 2147483647;
			files = (
				14489D231BCFDE300026BB80 /* avatar_default.png in Resources */,
				14A36F4B1BD8C9A300B5DCF0 /* shrimp.jpg in Resources */,
				147040931BA700AE007F6414 /* Main.storyboard in Resources */,
				1482513C1BD77FB700E0DB20 /* MenuCollectionCell.xib in Resources */,
				147040981BA700AE007F6414 /* LaunchScreen.xib in Resources */,
				14A4338C1BDE617F00A7AF3A /* ic_add_pic_pressed.png in Resources */,
				146DB01D1BF71C2900F0EC99 /* id_pic2.png in Resources */,
				1479C1851BE0658B00D12FE1 /* OrderDetailTableViewCell.xib in Resources */,
				147040951BA700AE007F6414 /* Images.xcassets in Resources */,
				14587F251BDBBDB30012464A /* OrderBackGroup.png in Resources */,
				1482513F1BD7817F00E0DB20 /* checkbox1_checked.png in Resources */,
				14489D211BCFDB7C0026BB80 /* ic_launcher.png in Resources */,
				146C8C2B1BE5ABD400B5F7DF /* OrderDetailList.xib in Resources */,
				14A433811BDDD19100A7AF3A /* MenuEditPopView.xib in Resources */,
				146DB0231BF71D1B00F0EC99 /* img_apply_default_normal.9.png in Resources */,
				146DB01C1BF71C2900F0EC99 /* id_pic0.png in Resources */,
				146DB0201BF71C8900F0EC99 /* business.jpg in Resources */,
				14587F231BDBB9B10012464A /* OrderHandCollectionViewCell.xib in Resources */,
				146DB01E1BF71C2900F0EC99 /* id_pic3.png in Resources */,
				14A36F4A1BD8C9A300B5DCF0 /* potato.jpg in Resources */,
				143FACBA1C01A92500B7A1EE /* bg.png in Resources */,
				146DB0241BF71D1B00F0EC99 /* img_apply_default_pressed.9.png in Resources */,
				148251401BD7817F00E0DB20 /* checkbox1_checked@2x.png in Resources */,
				14A4338B1BDE617F00A7AF3A /* ic_add_pic_normal.png in Resources */,
				148251441BD7819500E0DB20 /* checkbox1_unchecked@2x.png in Resources */,
				14A36F4D1BD8CAAC00B5DCF0 /* fish.jpg in Resources */,
				148251431BD7819500E0DB20 /* checkbox1_unchecked.png in Resources */,
			);
			runOnlyForDeploymentPostprocessing = 0;
		};
		1470409B1BA700AE007F6414 /* Resources */ = {
			isa = PBXResourcesBuildPhase;
			buildActionMask = 2147483647;
			files = (
			);
			runOnlyForDeploymentPostprocessing = 0;
		};
/* End PBXResourcesBuildPhase section */

/* Begin PBXSourcesBuildPhase section */
		1470407D1BA700AE007F6414 /* Sources */ = {
			isa = PBXSourcesBuildPhase;
			buildActionMask = 2147483647;
			files = (
				149FA5151BE88BE6002E9097 /* AFURLConnectionOperation.m in Sources */,
				14A433881BDE5A8A00A7AF3A /* Media_Photo.m in Sources */,
				147040DD1BA70946007F6414 /* OrderManagement.m in Sources */,
				147040D11BA70873007F6414 /* Chefs.m in Sources */,
				147040E01BA70976007F6414 /* Payment.m in Sources */,
				14A36F391BD8852200B5DCF0 /* OtherFoodViewController.m in Sources */,
				1470408D1BA700AE007F6414 /* OrderMeal.xcdatamodeld in Sources */,
				1479C1801BE062EF00D12FE1 /* OrderView.m in Sources */,
				147040BF1BA70321007F6414 /* RootTabBarViewController.m in Sources */,
				14587F1B1BDBB3860012464A /* OrderHandlingViewController.m in Sources */,
				149FA5161BE88BE6002E9097 /* AFURLRequestSerialization.m in Sources */,
				14A36F331BD8811C00B5DCF0 /* SCNavTabBarController.m in Sources */,
				149FA5191BE88BE6002E9097 /* AFNetworkActivityIndicatorManager.m in Sources */,
				1479C17A1BE05F6700D12FE1 /* UnPaymentViewController.m in Sources */,
				1470408A1BA700AE007F6414 /* AppDelegate.m in Sources */,
				149FA5131BE88BE6002E9097 /* AFNetworkReachabilityManager.m in Sources */,
				149FA51C1BE88BE6002E9097 /* UIButton+AFNetworking.m in Sources */,
				149FA53A1BE8B3E0002E9097 /* SVProgressHUD.m in Sources */,
				149FA5181BE88BE6002E9097 /* AFURLSessionManager.m in Sources */,
				147040C81BA70803007F6414 /* Actor.m in Sources */,
				149FA5101BE88BE6002E9097 /* AFHTTPRequestOperation.m in Sources */,
				14A4337C1BDDC89700A7AF3A /* CustomBasePopView.m in Sources */,
				14587F1E1BDBB7820012464A /* OrderHandlingView.m in Sources */,
				1479C1831BE0656200D12FE1 /* OrderDetailTableViewCell.m in Sources */,
				146DB0181BF713EA00F0EC99 /* QCheckBox.m in Sources */,
				147040D71BA708F0007F6414 /* RestaurantManager.m in Sources */,
				149FA51F1BE88BE6002E9097 /* UIRefreshControl+AFNetworking.m in Sources */,
				147040901BA700AE007F6414 /* ViewController.m in Sources */,
				146C8C2E1BE5ABFC00B5F7DF /* DetailListTableViewCell.m in Sources */,
				1479C1771BE0599B00D12FE1 /* OrderViewController.m in Sources */,
				146D2C091BCE8F790081D543 /* MenuViewController.m in Sources */,
				149FA51A1BE88BE6002E9097 /* UIActivityIndicatorView+AFNetworking.m in Sources */,
				147040CB1BA7081E007F6414 /* BOSS.m in Sources */,
				147040C21BA707C1007F6414 /* LoginSystem.m in Sources */,
				149FA51D1BE88BE6002E9097 /* UIImageView+AFNetworking.m in Sources */,
				146C8C311BE5B6FA00B5F7DF /* YFJLeftSwipeDeleteTableView.m in Sources */,
				146C8C291BE5AA6600B5F7DF /* OrderDetailView.m in Sources */,
				143FACB81C01A74C00B7A1EE /* WWSideslipViewController.m in Sources */,
				147040DA1BA70932007F6414 /* MenuManagement.m in Sources */,
				147040871BA700AE007F6414 /* main.m in Sources */,
				14587F211BDBB99F0012464A /* OrderHandCollectionViewCell.m in Sources */,
				149FA5201BE88BE6002E9097 /* UIWebView+AFNetworking.m in Sources */,
				1479C17D1BE05F7200D12FE1 /* PaymentViewController.m in Sources */,
				14A36F471BD8C1B600B5DCF0 /* Custom_ScrollImageView.m in Sources */,
				14A36F361BD884ED00B5DCF0 /* MainFoodViewController.m in Sources */,
				14A36F431BD8BD3C00B5DCF0 /* MenuDetailsTableViewController.m in Sources */,
				14A4337F1BDDD12C00A7AF3A /* MenuEditPopView.m in Sources */,
				149FA51B1BE88BE6002E9097 /* UIAlertView+AFNetworking.m in Sources */,
				147040C51BA707EC007F6414 /* Company.m in Sources */,
				147040CE1BA70842007F6414 /* Waiter.m in Sources */,
				146C1F681BE9D24B004D11BF /* PublicFunction.m in Sources */,
				14A433851BDE58D900A7AF3A /* PhotoGroupTableViewCell.m in Sources */,
				146C8C341BE5B75600B5F7DF /* OrderDetailViewController.m in Sources */,
				149FA5111BE88BE6002E9097 /* AFHTTPRequestOperationManager.m in Sources */,
				149FA5301BE88DB6002E9097 /* UserDataInterface.m in Sources */,
				14FBCE851BA8552B00F23D78 /* LoginViewController.m in Sources */,
				149FA5121BE88BE6002E9097 /* AFHTTPSessionManager.m in Sources */,
				146D2C031BCE8EB10081D543 /* MenuView.m in Sources */,
				149FA5141BE88BE6002E9097 /* AFSecurityPolicy.m in Sources */,
				146DB0141BF70E3600F0EC99 /* ApplyCourierController.m in Sources */,
				149FA5331BE88FE6002E9097 /* RegisterViewController.m in Sources */,
				149FA5171BE88BE6002E9097 /* AFURLResponseSerialization.m in Sources */,
				14A36F3D1BD8872600B5DCF0 /* SCNavTabBar.m in Sources */,
				149FA52C1BE88D2B002E9097 /* HttpProtocolAPI.m in Sources */,
				149FA51E1BE88BE6002E9097 /* UIProgressView+AFNetworking.m in Sources */,
				14A36F401BD8876000B5DCF0 /* SCPopView.m in Sources */,
				147040E31BA70A11007F6414 /* BillManagement.m in Sources */,
				143FACC01C01C73D00B7A1EE /* MissingTableViewController.m in Sources */,
				14D4345A1BD13659000C72F6 /* MenuCollectionViewCell.m in Sources */,
				147040E61BA70A88007F6414 /* AccountManagement.m in Sources */,
				143FACBD1C01AC8500B7A1EE /* PersonalDataController.m in Sources */,
				14FBCE881BA8572C00F23D78 /* LoginView.m in Sources */,
				147040D41BA708BD007F6414 /* Cashier.m in Sources */,
			);
			runOnlyForDeploymentPostprocessing = 0;
		};
		147040991BA700AE007F6414 /* Sources */ = {
			isa = PBXSourcesBuildPhase;
			buildActionMask = 2147483647;
			files = (
				147040A41BA700AE007F6414 /* OrderMealTests.m in Sources */,
			);
			runOnlyForDeploymentPostprocessing = 0;
		};
/* End PBXSourcesBuildPhase section */

/* Begin PBXTargetDependency section */
		1470409F1BA700AE007F6414 /* PBXTargetDependency */ = {
			isa = PBXTargetDependency;
			target = 147040801BA700AE007F6414 /* OrderMeal */;
			targetProxy = 1470409E1BA700AE007F6414 /* PBXContainerItemProxy */;
		};
/* End PBXTargetDependency section */

/* Begin PBXVariantGroup section */
		147040911BA700AE007F6414 /* Main.storyboard */ = {
			isa = PBXVariantGroup;
			children = (
				147040921BA700AE007F6414 /* Base */,
			);
			name = Main.storyboard;
			sourceTree = "<group>";
		};
		147040961BA700AE007F6414 /* LaunchScreen.xib */ = {
			isa = PBXVariantGroup;
			children = (
				147040971BA700AE007F6414 /* Base */,
			);
			name = LaunchScreen.xib;
			sourceTree = "<group>";
		};
/* End PBXVariantGroup section */

/* Begin XCBuildConfiguration section */
		147040A51BA700AE007F6414 /* Debug */ = {
			isa = XCBuildConfiguration;
			buildSettings = {
				ALWAYS_SEARCH_USER_PATHS = NO;
				CLANG_CXX_LANGUAGE_STANDARD = "gnu++0x";
				CLANG_CXX_LIBRARY = "libc++";
				CLANG_ENABLE_MODULES = YES;
				CLANG_ENABLE_OBJC_ARC = YES;
				CLANG_WARN_BOOL_CONVERSION = YES;
				CLANG_WARN_CONSTANT_CONVERSION = YES;
				CLANG_WARN_DIRECT_OBJC_ISA_USAGE = YES_ERROR;
				CLANG_WARN_EMPTY_BODY = YES;
				CLANG_WARN_ENUM_CONVERSION = YES;
				CLANG_WARN_INT_CONVERSION = YES;
				CLANG_WARN_OBJC_ROOT_CLASS = YES_ERROR;
				CLANG_WARN_UNREACHABLE_CODE = YES;
				CLANG_WARN__DUPLICATE_METHOD_MATCH = YES;
				CODE_SIGN_IDENTITY = "iPhone Developer";
				"CODE_SIGN_IDENTITY[sdk=iphoneos*]" = "iPhone Developer";
				COPY_PHASE_STRIP = NO;
				ENABLE_STRICT_OBJC_MSGSEND = YES;
				GCC_C_LANGUAGE_STANDARD = gnu99;
				GCC_DYNAMIC_NO_PIC = NO;
				GCC_OPTIMIZATION_LEVEL = 0;
				GCC_PREPROCESSOR_DEFINITIONS = (
					"DEBUG=1",
					"$(inherited)",
				);
				GCC_SYMBOLS_PRIVATE_EXTERN = NO;
				GCC_WARN_64_TO_32_BIT_CONVERSION = YES;
				GCC_WARN_ABOUT_RETURN_TYPE = YES_ERROR;
				GCC_WARN_UNDECLARED_SELECTOR = YES;
				GCC_WARN_UNINITIALIZED_AUTOS = YES_AGGRESSIVE;
				GCC_WARN_UNUSED_FUNCTION = YES;
				GCC_WARN_UNUSED_VARIABLE = YES;
				IPHONEOS_DEPLOYMENT_TARGET = 8.1;
				MTL_ENABLE_DEBUG_INFO = YES;
				ONLY_ACTIVE_ARCH = YES;
				SDKROOT = iphoneos;
				TARGETED_DEVICE_FAMILY = "1,2";
			};
			name = Debug;
		};
		147040A61BA700AE007F6414 /* Release */ = {
			isa = XCBuildConfiguration;
			buildSettings = {
				ALWAYS_SEARCH_USER_PATHS = NO;
				CLANG_CXX_LANGUAGE_STANDARD = "gnu++0x";
				CLANG_CXX_LIBRARY = "libc++";
				CLANG_ENABLE_MODULES = YES;
				CLANG_ENABLE_OBJC_ARC = YES;
				CLANG_WARN_BOOL_CONVERSION = YES;
				CLANG_WARN_CONSTANT_CONVERSION = YES;
				CLANG_WARN_DIRECT_OBJC_ISA_USAGE = YES_ERROR;
				CLANG_WARN_EMPTY_BODY = YES;
				CLANG_WARN_ENUM_CONVERSION = YES;
				CLANG_WARN_INT_CONVERSION = YES;
				CLANG_WARN_OBJC_ROOT_CLASS = YES_ERROR;
				CLANG_WARN_UNREACHABLE_CODE = YES;
				CLANG_WARN__DUPLICATE_METHOD_MATCH = YES;
				CODE_SIGN_IDENTITY = "iPhone Developer";
				"CODE_SIGN_IDENTITY[sdk=iphoneos*]" = "iPhone Developer";
				COPY_PHASE_STRIP = YES;
				ENABLE_NS_ASSERTIONS = NO;
				ENABLE_STRICT_OBJC_MSGSEND = YES;
				GCC_C_LANGUAGE_STANDARD = gnu99;
				GCC_WARN_64_TO_32_BIT_CONVERSION = YES;
				GCC_WARN_ABOUT_RETURN_TYPE = YES_ERROR;
				GCC_WARN_UNDECLARED_SELECTOR = YES;
				GCC_WARN_UNINITIALIZED_AUTOS = YES_AGGRESSIVE;
				GCC_WARN_UNUSED_FUNCTION = YES;
				GCC_WARN_UNUSED_VARIABLE = YES;
				IPHONEOS_DEPLOYMENT_TARGET = 8.1;
				MTL_ENABLE_DEBUG_INFO = NO;
				SDKROOT = iphoneos;
				TARGETED_DEVICE_FAMILY = "1,2";
				VALIDATE_PRODUCT = YES;
			};
			name = Release;
		};
		147040A81BA700AE007F6414 /* Debug */ = {
			isa = XCBuildConfiguration;
			buildSettings = {
				ASSETCATALOG_COMPILER_APPICON_NAME = AppIcon;
				INFOPLIST_FILE = OrderMeal/Info.plist;
				LD_RUNPATH_SEARCH_PATHS = "$(inherited) @executable_path/Frameworks";
				PRODUCT_NAME = "$(TARGET_NAME)";
			};
			name = Debug;
		};
		147040A91BA700AE007F6414 /* Release */ = {
			isa = XCBuildConfiguration;
			buildSettings = {
				ASSETCATALOG_COMPILER_APPICON_NAME = AppIcon;
				INFOPLIST_FILE = OrderMeal/Info.plist;
				LD_RUNPATH_SEARCH_PATHS = "$(inherited) @executable_path/Frameworks";
				PRODUCT_NAME = "$(TARGET_NAME)";
			};
			name = Release;
		};
		147040AB1BA700AE007F6414 /* Debug */ = {
			isa = XCBuildConfiguration;
			buildSettings = {
				BUNDLE_LOADER = "$(TEST_HOST)";
				FRAMEWORK_SEARCH_PATHS = (
					"$(SDKROOT)/Developer/Library/Frameworks",
					"$(inherited)",
				);
				GCC_PREPROCESSOR_DEFINITIONS = (
					"DEBUG=1",
					"$(inherited)",
				);
				INFOPLIST_FILE = OrderMealTests/Info.plist;
				LD_RUNPATH_SEARCH_PATHS = "$(inherited) @executable_path/Frameworks @loader_path/Frameworks";
				PRODUCT_NAME = "$(TARGET_NAME)";
				TEST_HOST = "$(BUILT_PRODUCTS_DIR)/OrderMeal.app/OrderMeal";
			};
			name = Debug;
		};
		147040AC1BA700AE007F6414 /* Release */ = {
			isa = XCBuildConfiguration;
			buildSettings = {
				BUNDLE_LOADER = "$(TEST_HOST)";
				FRAMEWORK_SEARCH_PATHS = (
					"$(SDKROOT)/Developer/Library/Frameworks",
					"$(inherited)",
				);
				INFOPLIST_FILE = OrderMealTests/Info.plist;
				LD_RUNPATH_SEARCH_PATHS = "$(inherited) @executable_path/Frameworks @loader_path/Frameworks";
				PRODUCT_NAME = "$(TARGET_NAME)";
				TEST_HOST = "$(BUILT_PRODUCTS_DIR)/OrderMeal.app/OrderMeal";
			};
			name = Release;
		};
/* End XCBuildConfiguration section */

/* Begin XCConfigurationList section */
		1470407C1BA700AE007F6414 /* Build configuration list for PBXProject "OrderMeal" */ = {
			isa = XCConfigurationList;
			buildConfigurations = (
				147040A51BA700AE007F6414 /* Debug */,
				147040A61BA700AE007F6414 /* Release */,
			);
			defaultConfigurationIsVisible = 0;
			defaultConfigurationName = Release;
		};
		147040A71BA700AE007F6414 /* Build configuration list for PBXNativeTarget "OrderMeal" */ = {
			isa = XCConfigurationList;
			buildConfigurations = (
				147040A81BA700AE007F6414 /* Debug */,
				147040A91BA700AE007F6414 /* Release */,
			);
			defaultConfigurationIsVisible = 0;
			defaultConfigurationName = Release;
		};
		147040AA1BA700AE007F6414 /* Build configuration list for PBXNativeTarget "OrderMealTests" */ = {
			isa = XCConfigurationList;
			buildConfigurations = (
				147040AB1BA700AE007F6414 /* Debug */,
				147040AC1BA700AE007F6414 /* Release */,
			);
			defaultConfigurationIsVisible = 0;
			defaultConfigurationName = Release;
		};
/* End XCConfigurationList section */

/* Begin XCVersionGroup section */
		1470408B1BA700AE007F6414 /* OrderMeal.xcdatamodeld */ = {
			isa = XCVersionGroup;
			children = (
				1470408C1BA700AE007F6414 /* OrderMeal.xcdatamodel */,
			);
			currentVersion = 1470408C1BA700AE007F6414 /* OrderMeal.xcdatamodel */;
			path = OrderMeal.xcdatamodeld;
			sourceTree = "<group>";
			versionGroupType = wrapper.xcdatamodel;
		};
/* End XCVersionGroup section */
	};
	rootObject = 147040791BA700AE007F6414 /* Project object */;
}
