// !$*UTF8*$!
{
	archiveVersion = 1;
	classes = {
	};
	objectVersion = 46;
	objects = {

/* Begin PBXBuildFile section */
		14489D211BCFDB7C0026BB80 /* ic_launcher.png in Resources */ = {isa = PBXBuildFile; fileRef = 14489D201BCFDB7C0026BB80 /* ic_launcher.png */; };
		14489D231BCFDE300026BB80 /* avatar_default.png in Resources */ = {isa = PBXBuildFile; fileRef = 14489D221BCFDE300026BB80 /* avatar_default.png */; };
		146D2C031BCE8EB10081D543 /* MenuView.m in Sources */ = {isa = PBXBuildFile; fileRef = 146D2C021BCE8EB10081D543 /* MenuView.m */; };
		146D2C091BCE8F790081D543 /* MenuViewController.m in Sources */ = {isa = PBXBuildFile; fileRef = 146D2C081BCE8F790081D543 /* MenuViewController.m */; };
		147040871BA700AE007F6414 /* main.m in Sources */ = {isa = PBXBuildFile; fileRef = 147040861BA700AE007F6414 /* main.m */; };
		1470408A1BA700AE007F6414 /* AppDelegate.m in Sources */ = {isa = PBXBuildFile; fileRef = 147040891BA700AE007F6414 /* AppDelegate.m */; };
		1470408D1BA700AE007F6414 /* OrderMeal.xcdatamodeld in Sources */ = {isa = PBXBuildFile; fileRef = 1470408B1BA700AE007F6414 /* OrderMeal.xcdatamodeld */; };
		147040901BA700AE007F6414 /* ViewController.m in Sources */ = {isa = PBXBuildFile; fileRef = 1470408F1BA700AE007F6414 /* ViewController.m */; };
		147040931BA700AE007F6414 /* Main.storyboard in Resources */ = {isa = PBXBuildFile; fileRef = 147040911BA700AE007F6414 /* Main.storyboard */; };
		147040951BA700AE007F6414 /* Images.xcassets in Resources */ = {isa = PBXBuildFile; fileRef = 147040941BA700AE007F6414 /* Images.xcassets */; };
		147040981BA700AE007F6414 /* LaunchScreen.xib in Resources */ = {isa = PBXBuildFile; fileRef = 147040961BA700AE007F6414 /* LaunchScreen.xib */; };
		147040A41BA700AE007F6414 /* OrderMealTests.m in Sources */ = {isa = PBXBuildFile; fileRef = 147040A31BA700AE007F6414 /* OrderMealTests.m */; };
		147040BF1BA70321007F6414 /* RootTabBarViewController.m in Sources */ = {isa = PBXBuildFile; fileRef = 147040BE1BA70321007F6414 /* RootTabBarViewController.m */; };
		147040C21BA707C1007F6414 /* LoginSystem.m in Sources */ = {isa = PBXBuildFile; fileRef = 147040C11BA707C1007F6414 /* LoginSystem.m */; };
		147040C51BA707EC007F6414 /* Company.m in Sources */ = {isa = PBXBuildFile; fileRef = 147040C41BA707EC007F6414 /* Company.m */; };
		147040C81BA70803007F6414 /* Actor.m in Sources */ = {isa = PBXBuildFile; fileRef = 147040C71BA70803007F6414 /* Actor.m */; };
		147040CB1BA7081E007F6414 /* BOSS.m in Sources */ = {isa = PBXBuildFile; fileRef = 147040CA1BA7081E007F6414 /* BOSS.m */; };
		147040CE1BA70842007F6414 /* Waiter.m in Sources */ = {isa = PBXBuildFile; fileRef = 147040CD1BA70842007F6414 /* Waiter.m */; };
		147040D11BA70873007F6414 /* Chefs.m in Sources */ = {isa = PBXBuildFile; fileRef = 147040D01BA70873007F6414 /* Chefs.m */; };
		147040D41BA708BD007F6414 /* Cashier.m in Sources */ = {isa = PBXBuildFile; fileRef = 147040D31BA708BD007F6414 /* Cashier.m */; };
		147040D71BA708F0007F6414 /* RestaurantManager.m in Sources */ = {isa = PBXBuildFile; fileRef = 147040D61BA708F0007F6414 /* RestaurantManager.m */; };
		147040DA1BA70932007F6414 /* MenuManagement.m in Sources */ = {isa = PBXBuildFile; fileRef = 147040D91BA70932007F6414 /* MenuManagement.m */; };
		147040DD1BA70946007F6414 /* OrderManagement.m in Sources */ = {isa = PBXBuildFile; fileRef = 147040DC1BA70946007F6414 /* OrderManagement.m */; };
		147040E01BA70976007F6414 /* Payment.m in Sources */ = {isa = PBXBuildFile; fileRef = 147040DF1BA70976007F6414 /* Payment.m */; };
		147040E31BA70A11007F6414 /* BillManagement.m in Sources */ = {isa = PBXBuildFile; fileRef = 147040E21BA70A11007F6414 /* BillManagement.m */; };
		147040E61BA70A88007F6414 /* AccountManagement.m in Sources */ = {isa = PBXBuildFile; fileRef = 147040E51BA70A88007F6414 /* AccountManagement.m */; };
		1482513C1BD77FB700E0DB20 /* MenuCollectionCell.xib in Resources */ = {isa = PBXBuildFile; fileRef = 1482513B1BD77FB700E0DB20 /* MenuCollectionCell.xib */; };
		1482513F1BD7817F00E0DB20 /* checkbox1_checked.png in Resources */ = {isa = PBXBuildFile; fileRef = 1482513D1BD7817F00E0DB20 /* checkbox1_checked.png */; };
		148251401BD7817F00E0DB20 /* checkbox1_checked@2x.png in Resources */ = {isa = PBXBuildFile; fileRef = 1482513E1BD7817F00E0DB20 /* checkbox1_checked@2x.png */; };
		148251431BD7819500E0DB20 /* checkbox1_unchecked.png in Resources */ = {isa = PBXBuildFile; fileRef = 148251411BD7819500E0DB20 /* checkbox1_unchecked.png */; };
		148251441BD7819500E0DB20 /* checkbox1_unchecked@2x.png in Resources */ = {isa = PBXBuildFile; fileRef = 148251421BD7819500E0DB20 /* checkbox1_unchecked@2x.png */; };
		14A36F331BD8811C00B5DCF0 /* SCNavTabBarController.m in Sources */ = {isa = PBXBuildFile; fileRef = 14A36F321BD8811C00B5DCF0 /* SCNavTabBarController.m */; };
		14A36F361BD884ED00B5DCF0 /* MainFoodViewController.m in Sources */ = {isa = PBXBuildFile; fileRef = 14A36F351BD884ED00B5DCF0 /* MainFoodViewController.m */; };
		14A36F391BD8852200B5DCF0 /* OtherFoodViewController.m in Sources */ = {isa = PBXBuildFile; fileRef = 14A36F381BD8852200B5DCF0 /* OtherFoodViewController.m */; };
		14A36F3D1BD8872600B5DCF0 /* SCNavTabBar.m in Sources */ = {isa = PBXBuildFile; fileRef = 14A36F3C1BD8872600B5DCF0 /* SCNavTabBar.m */; };
		14A36F401BD8876000B5DCF0 /* SCPopView.m in Sources */ = {isa = PBXBuildFile; fileRef = 14A36F3F1BD8876000B5DCF0 /* SCPopView.m */; };
		14A36F431BD8BD3C00B5DCF0 /* MenuDetailsTableViewController.m in Sources */ = {isa = PBXBuildFile; fileRef = 14A36F421BD8BD3C00B5DCF0 /* MenuDetailsTableViewController.m */; };
		14A36F471BD8C1B600B5DCF0 /* Custom_ScrollImageView.m in Sources */ = {isa = PBXBuildFile; fileRef = 14A36F461BD8C1B600B5DCF0 /* Custom_ScrollImageView.m */; };
		14A36F4A1BD8C9A300B5DCF0 /* potato.jpg in Resources */ = {isa = PBXBuildFile; fileRef = 14A36F481BD8C9A300B5DCF0 /* potato.jpg */; };
		14A36F4B1BD8C9A300B5DCF0 /* shrimp.jpg in Resources */ = {isa = PBXBuildFile; fileRef = 14A36F491BD8C9A300B5DCF0 /* shrimp.jpg */; };
		14A36F4D1BD8CAAC00B5DCF0 /* fish.jpg in Resources */ = {isa = PBXBuildFile; fileRef = 14A36F4C1BD8CAAC00B5DCF0 /* fish.jpg */; };
		14D4345A1BD13659000C72F6 /* MenuCollectionViewCell.m in Sources */ = {isa = PBXBuildFile; fileRef = 14D434591BD13659000C72F6 /* MenuCollectionViewCell.m */; };
		14FBCE851BA8552B00F23D78 /* LoginViewController.m in Sources */ = {isa = PBXBuildFile; fileRef = 14FBCE841BA8552B00F23D78 /* LoginViewController.m */; };
		14FBCE881BA8572C00F23D78 /* LoginView.m in Sources */ = {isa = PBXBuildFile; fileRef = 14FBCE871BA8572C00F23D78 /* LoginView.m */; };
/* End PBXBuildFile section */

/* Begin PBXContainerItemProxy section */
		1470409E1BA700AE007F6414 /* PBXContainerItemProxy */ = {
			isa = PBXContainerItemProxy;
			containerPortal = 147040791BA700AE007F6414 /* Project object */;
			proxyType = 1;
			remoteGlobalIDString = 147040801BA700AE007F6414;
			remoteInfo = OrderMeal;
		};
/* End PBXContainerItemProxy section */

/* Begin PBXFileReference section */
		14489D201BCFDB7C0026BB80 /* ic_launcher.png */ = {isa = PBXFileReference; lastKnownFileType = image.png; path = ic_launcher.png; sourceTree = "<group>"; };
		14489D221BCFDE300026BB80 /* avatar_default.png */ = {isa = PBXFileReference; lastKnownFileType = image.png; path = avatar_default.png; sourceTree = "<group>"; };
		146D2C011BCE8EB10081D543 /* MenuView.h */ = {isa = PBXFileReference; fileEncoding = 4; lastKnownFileType = sourcecode.c.h; path = MenuView.h; sourceTree = "<group>"; };
		146D2C021BCE8EB10081D543 /* MenuView.m */ = {isa = PBXFileReference; fileEncoding = 4; lastKnownFileType = sourcecode.c.objc; path = MenuView.m; sourceTree = "<group>"; };
		146D2C071BCE8F790081D543 /* MenuViewController.h */ = {isa = PBXFileReference; fileEncoding = 4; lastKnownFileType = sourcecode.c.h; path = MenuViewController.h; sourceTree = "<group>"; };
		146D2C081BCE8F790081D543 /* MenuViewController.m */ = {isa = PBXFileReference; fileEncoding = 4; lastKnownFileType = sourcecode.c.objc; path = MenuViewController.m; sourceTree = "<group>"; };
		147040811BA700AE007F6414 /* OrderMeal.app */ = {isa = PBXFileReference; explicitFileType = wrapper.application; includeInIndex = 0; path = OrderMeal.app; sourceTree = BUILT_PRODUCTS_DIR; };
		147040851BA700AE007F6414 /* Info.plist */ = {isa = PBXFileReference; lastKnownFileType = text.plist.xml; path = Info.plist; sourceTree = "<group>"; };
		147040861BA700AE007F6414 /* main.m */ = {isa = PBXFileReference; lastKnownFileType = sourcecode.c.objc; path = main.m; sourceTree = "<group>"; };
		147040881BA700AE007F6414 /* AppDelegate.h */ = {isa = PBXFileReference; lastKnownFileType = sourcecode.c.h; path = AppDelegate.h; sourceTree = "<group>"; };
		147040891BA700AE007F6414 /* AppDelegate.m */ = {isa = PBXFileReference; lastKnownFileType = sourcecode.c.objc; path = AppDelegate.m; sourceTree = "<group>"; };
		1470408C1BA700AE007F6414 /* OrderMeal.xcdatamodel */ = {isa = PBXFileReference; lastKnownFileType = wrapper.xcdatamodel; path = OrderMeal.xcdatamodel; sourceTree = "<group>"; };
		1470408E1BA700AE007F6414 /* ViewController.h */ = {isa = PBXFileReference; lastKnownFileType = sourcecode.c.h; path = ViewController.h; sourceTree = "<group>"; };
		1470408F1BA700AE007F6414 /* ViewController.m */ = {isa = PBXFileReference; lastKnownFileType = sourcecode.c.objc; path = ViewController.m; sourceTree = "<group>"; };
		147040921BA700AE007F6414 /* Base */ = {isa = PBXFileReference; lastKnownFileType = file.storyboard; name = Base; path = Base.lproj/Main.storyboard; sourceTree = "<group>"; };
		147040941BA700AE007F6414 /* Images.xcassets */ = {isa = PBXFileReference; lastKnownFileType = folder.assetcatalog; path = Images.xcassets; sourceTree = "<group>"; };
		147040971BA700AE007F6414 /* Base */ = {isa = PBXFileReference; lastKnownFileType = file.xib; name = Base; path = Base.lproj/LaunchScreen.xib; sourceTree = "<group>"; };
		1470409D1BA700AE007F6414 /* OrderMealTests.xctest */ = {isa = PBXFileReference; explicitFileType = wrapper.cfbundle; includeInIndex = 0; path = OrderMealTests.xctest; sourceTree = BUILT_PRODUCTS_DIR; };
		147040A21BA700AE007F6414 /* Info.plist */ = {isa = PBXFileReference; lastKnownFileType = text.plist.xml; path = Info.plist; sourceTree = "<group>"; };
		147040A31BA700AE007F6414 /* OrderMealTests.m */ = {isa = PBXFileReference; lastKnownFileType = sourcecode.c.objc; path = OrderMealTests.m; sourceTree = "<group>"; };
		147040BD1BA70321007F6414 /* RootTabBarViewController.h */ = {isa = PBXFileReference; fileEncoding = 4; lastKnownFileType = sourcecode.c.h; path = RootTabBarViewController.h; sourceTree = "<group>"; };
		147040BE1BA70321007F6414 /* RootTabBarViewController.m */ = {isa = PBXFileReference; fileEncoding = 4; lastKnownFileType = sourcecode.c.objc; path = RootTabBarViewController.m; sourceTree = "<group>"; };
		147040C01BA707C1007F6414 /* LoginSystem.h */ = {isa = PBXFileReference; fileEncoding = 4; lastKnownFileType = sourcecode.c.h; path = LoginSystem.h; sourceTree = "<group>"; };
		147040C11BA707C1007F6414 /* LoginSystem.m */ = {isa = PBXFileReference; fileEncoding = 4; lastKnownFileType = sourcecode.c.objc; path = LoginSystem.m; sourceTree = "<group>"; };
		147040C31BA707EC007F6414 /* Company.h */ = {isa = PBXFileReference; fileEncoding = 4; lastKnownFileType = sourcecode.c.h; path = Company.h; sourceTree = "<group>"; };
		147040C41BA707EC007F6414 /* Company.m */ = {isa = PBXFileReference; fileEncoding = 4; lastKnownFileType = sourcecode.c.objc; path = Company.m; sourceTree = "<group>"; };
		147040C61BA70803007F6414 /* Actor.h */ = {isa = PBXFileReference; fileEncoding = 4; lastKnownFileType = sourcecode.c.h; path = Actor.h; sourceTree = "<group>"; };
		147040C71BA70803007F6414 /* Actor.m */ = {isa = PBXFileReference; fileEncoding = 4; lastKnownFileType = sourcecode.c.objc; path = Actor.m; sourceTree = "<group>"; };
		147040C91BA7081E007F6414 /* BOSS.h */ = {isa = PBXFileReference; fileEncoding = 4; lastKnownFileType = sourcecode.c.h; path = BOSS.h; sourceTree = "<group>"; };
		147040CA1BA7081E007F6414 /* BOSS.m */ = {isa = PBXFileReference; fileEncoding = 4; lastKnownFileType = sourcecode.c.objc; path = BOSS.m; sourceTree = "<group>"; };
		147040CC1BA70842007F6414 /* Waiter.h */ = {isa = PBXFileReference; fileEncoding = 4; lastKnownFileType = sourcecode.c.h; path = Waiter.h; sourceTree = "<group>"; };
		147040CD1BA70842007F6414 /* Waiter.m */ = {isa = PBXFileReference; fileEncoding = 4; lastKnownFileType = sourcecode.c.objc; path = Waiter.m; sourceTree = "<group>"; };
		147040CF1BA70873007F6414 /* Chefs.h */ = {isa = PBXFileReference; fileEncoding = 4; lastKnownFileType = sourcecode.c.h; path = Chefs.h; sourceTree = "<group>"; };
		147040D01BA70873007F6414 /* Chefs.m */ = {isa = PBXFileReference; fileEncoding = 4; lastKnownFileType = sourcecode.c.objc; path = Chefs.m; sourceTree = "<group>"; };
		147040D21BA708BD007F6414 /* Cashier.h */ = {isa = PBXFileReference; fileEncoding = 4; lastKnownFileType = sourcecode.c.h; path = Cashier.h; sourceTree = "<group>"; };
		147040D31BA708BD007F6414 /* Cashier.m */ = {isa = PBXFileReference; fileEncoding = 4; lastKnownFileType = sourcecode.c.objc; path = Cashier.m; sourceTree = "<group>"; };
		147040D51BA708F0007F6414 /* RestaurantManager.h */ = {isa = PBXFileReference; fileEncoding = 4; lastKnownFileType = sourcecode.c.h; path = RestaurantManager.h; sourceTree = "<group>"; };
		147040D61BA708F0007F6414 /* RestaurantManager.m */ = {isa = PBXFileReference; fileEncoding = 4; lastKnownFileType = sourcecode.c.objc; path = RestaurantManager.m; sourceTree = "<group>"; };
		147040D81BA70932007F6414 /* MenuManagement.h */ = {isa = PBXFileReference; fileEncoding = 4; lastKnownFileType = sourcecode.c.h; path = MenuManagement.h; sourceTree = "<group>"; };
		147040D91BA70932007F6414 /* MenuManagement.m */ = {isa = PBXFileReference; fileEncoding = 4; lastKnownFileType = sourcecode.c.objc; path = MenuManagement.m; sourceTree = "<group>"; };
		147040DB1BA70946007F6414 /* OrderManagement.h */ = {isa = PBXFileReference; fileEncoding = 4; lastKnownFileType = sourcecode.c.h; path = OrderManagement.h; sourceTree = "<group>"; };
		147040DC1BA70946007F6414 /* OrderManagement.m */ = {isa = PBXFileReference; fileEncoding = 4; lastKnownFileType = sourcecode.c.objc; path = OrderManagement.m; sourceTree = "<group>"; };
		147040DE1BA70976007F6414 /* Payment.h */ = {isa = PBXFileReference; fileEncoding = 4; lastKnownFileType = sourcecode.c.h; path = Payment.h; sourceTree = "<group>"; };
		147040DF1BA70976007F6414 /* Payment.m */ = {isa = PBXFileReference; fileEncoding = 4; lastKnownFileType = sourcecode.c.objc; path = Payment.m; sourceTree = "<group>"; };
		147040E11BA70A11007F6414 /* BillManagement.h */ = {isa = PBXFileReference; fileEncoding = 4; lastKnownFileType = sourcecode.c.h; path = BillManagement.h; sourceTree = "<group>"; };
		147040E21BA70A11007F6414 /* BillManagement.m */ = {isa = PBXFileReference; fileEncoding = 4; lastKnownFileType = sourcecode.c.objc; path = BillManagement.m; sourceTree = "<group>"; };
		147040E41BA70A88007F6414 /* AccountManagement.h */ = {isa = PBXFileReference; fileEncoding = 4; lastKnownFileType = sourcecode.c.h; path = AccountManagement.h; sourceTree = "<group>"; };
		147040E51BA70A88007F6414 /* AccountManagement.m */ = {isa = PBXFileReference; fileEncoding = 4; lastKnownFileType = sourcecode.c.objc; path = AccountManagement.m; sourceTree = "<group>"; };
		1482513B1BD77FB700E0DB20 /* MenuCollectionCell.xib */ = {isa = PBXFileReference; fileEncoding = 4; lastKnownFileType = file.xib; path = MenuCollectionCell.xib; sourceTree = "<group>"; };
		1482513D1BD7817F00E0DB20 /* checkbox1_checked.png */ = {isa = PBXFileReference; lastKnownFileType = image.png; path = checkbox1_checked.png; sourceTree = "<group>"; };
		1482513E1BD7817F00E0DB20 /* checkbox1_checked@2x.png */ = {isa = PBXFileReference; lastKnownFileType = image.png; path = "checkbox1_checked@2x.png"; sourceTree = "<group>"; };
		148251411BD7819500E0DB20 /* checkbox1_unchecked.png */ = {isa = PBXFileReference; lastKnownFileType = image.png; path = checkbox1_unchecked.png; sourceTree = "<group>"; };
		148251421BD7819500E0DB20 /* checkbox1_unchecked@2x.png */ = {isa = PBXFileReference; lastKnownFileType = image.png; path = "checkbox1_unchecked@2x.png"; sourceTree = "<group>"; };
		148F96731BD1ED2E0098313B /* PublicDefine.h */ = {isa = PBXFileReference; lastKnownFileType = sourcecode.c.h; path = PublicDefine.h; sourceTree = "<group>"; };
		14A36F311BD8811C00B5DCF0 /* SCNavTabBarController.h */ = {isa = PBXFileReference; fileEncoding = 4; lastKnownFileType = sourcecode.c.h; path = SCNavTabBarController.h; sourceTree = "<group>"; };
		14A36F321BD8811C00B5DCF0 /* SCNavTabBarController.m */ = {isa = PBXFileReference; fileEncoding = 4; lastKnownFileType = sourcecode.c.objc; path = SCNavTabBarController.m; sourceTree = "<group>"; };
		14A36F341BD884ED00B5DCF0 /* MainFoodViewController.h */ = {isa = PBXFileReference; fileEncoding = 4; lastKnownFileType = sourcecode.c.h; path = MainFoodViewController.h; sourceTree = "<group>"; };
		14A36F351BD884ED00B5DCF0 /* MainFoodViewController.m */ = {isa = PBXFileReference; fileEncoding = 4; lastKnownFileType = sourcecode.c.objc; path = MainFoodViewController.m; sourceTree = "<group>"; };
		14A36F371BD8852200B5DCF0 /* OtherFoodViewController.h */ = {isa = PBXFileReference; fileEncoding = 4; lastKnownFileType = sourcecode.c.h; path = OtherFoodViewController.h; sourceTree = "<group>"; };
		14A36F381BD8852200B5DCF0 /* OtherFoodViewController.m */ = {isa = PBXFileReference; fileEncoding = 4; lastKnownFileType = sourcecode.c.objc; path = OtherFoodViewController.m; sourceTree = "<group>"; };
		14A36F3A1BD886CD00B5DCF0 /* CommonMacro.h */ = {isa = PBXFileReference; lastKnownFileType = sourcecode.c.h; path = CommonMacro.h; sourceTree = "<group>"; };
		14A36F3B1BD8872600B5DCF0 /* SCNavTabBar.h */ = {isa = PBXFileReference; fileEncoding = 4; lastKnownFileType = sourcecode.c.h; path = SCNavTabBar.h; sourceTree = "<group>"; };
		14A36F3C1BD8872600B5DCF0 /* SCNavTabBar.m */ = {isa = PBXFileReference; fileEncoding = 4; lastKnownFileType = sourcecode.c.objc; path = SCNavTabBar.m; sourceTree = "<group>"; };
		14A36F3E1BD8876000B5DCF0 /* SCPopView.h */ = {isa = PBXFileReference; fileEncoding = 4; lastKnownFileType = sourcecode.c.h; path = SCPopView.h; sourceTree = "<group>"; };
		14A36F3F1BD8876000B5DCF0 /* SCPopView.m */ = {isa = PBXFileReference; fileEncoding = 4; lastKnownFileType = sourcecode.c.objc; path = SCPopView.m; sourceTree = "<group>"; };
		14A36F411BD8BD3C00B5DCF0 /* MenuDetailsTableViewController.h */ = {isa = PBXFileReference; fileEncoding = 4; lastKnownFileType = sourcecode.c.h; path = MenuDetailsTableViewController.h; sourceTree = "<group>"; };
		14A36F421BD8BD3C00B5DCF0 /* MenuDetailsTableViewController.m */ = {isa = PBXFileReference; fileEncoding = 4; lastKnownFileType = sourcecode.c.objc; path = MenuDetailsTableViewController.m; sourceTree = "<group>"; };
		14A36F451BD8C1B600B5DCF0 /* Custom_ScrollImageView.h */ = {isa = PBXFileReference; fileEncoding = 4; lastKnownFileType = sourcecode.c.h; path = Custom_ScrollImageView.h; sourceTree = "<group>"; };
		14A36F461BD8C1B600B5DCF0 /* Custom_ScrollImageView.m */ = {isa = PBXFileReference; fileEncoding = 4; lastKnownFileType = sourcecode.c.objc; path = Custom_ScrollImageView.m; sourceTree = "<group>"; };
		14A36F481BD8C9A300B5DCF0 /* potato.jpg */ = {isa = PBXFileReference; lastKnownFileType = image.jpeg; path = potato.jpg; sourceTree = "<group>"; };
		14A36F491BD8C9A300B5DCF0 /* shrimp.jpg */ = {isa = PBXFileReference; lastKnownFileType = image.jpeg; path = shrimp.jpg; sourceTree = "<group>"; };
		14A36F4C1BD8CAAC00B5DCF0 /* fish.jpg */ = {isa = PBXFileReference; lastKnownFileType = image.jpeg; path = fish.jpg; sourceTree = "<group>"; };
		14D434581BD13659000C72F6 /* MenuCollectionViewCell.h */ = {isa = PBXFileReference; fileEncoding = 4; lastKnownFileType = sourcecode.c.h; path = MenuCollectionViewCell.h; sourceTree = "<group>"; };
		14D434591BD13659000C72F6 /* MenuCollectionViewCell.m */ = {isa = PBXFileReference; fileEncoding = 4; lastKnownFileType = sourcecode.c.objc; path = MenuCollectionViewCell.m; sourceTree = "<group>"; };
		14FBCE831BA8552B00F23D78 /* LoginViewController.h */ = {isa = PBXFileReference; fileEncoding = 4; lastKnownFileType = sourcecode.c.h; path = LoginViewController.h; sourceTree = "<group>"; };
		14FBCE841BA8552B00F23D78 /* LoginViewController.m */ = {isa = PBXFileReference; fileEncoding = 4; lastKnownFileType = sourcecode.c.objc; path = LoginViewController.m; sourceTree = "<group>"; };
		14FBCE861BA8572C00F23D78 /* LoginView.h */ = {isa = PBXFileReference; fileEncoding = 4; lastKnownFileType = sourcecode.c.h; path = LoginView.h; sourceTree = "<group>"; };
		14FBCE871BA8572C00F23D78 /* LoginView.m */ = {isa = PBXFileReference; fileEncoding = 4; lastKnownFileType = sourcecode.c.objc; path = LoginView.m; sourceTree = "<group>"; };
/* End PBXFileReference section */

/* Begin PBXFrameworksBuildPhase section */
		1470407E1BA700AE007F6414 /* Frameworks */ = {
			isa = PBXFrameworksBuildPhase;
			buildActionMask = 2147483647;
			files = (
			);
			runOnlyForDeploymentPostprocessing = 0;
		};
		1470409A1BA700AE007F6414 /* Frameworks */ = {
			isa = PBXFrameworksBuildPhase;
			buildActionMask = 2147483647;
			files = (
			);
			runOnlyForDeploymentPostprocessing = 0;
		};
/* End PBXFrameworksBuildPhase section */

/* Begin PBXGroup section */
		14489D1C1BCFDB6D0026BB80 /* Resource */ = {
			isa = PBXGroup;
			children = (
				14489D1D1BCFDB6D0026BB80 /* image */,
			);
			path = Resource;
			sourceTree = "<group>";
		};
		14489D1D1BCFDB6D0026BB80 /* image */ = {
			isa = PBXGroup;
			children = (
				14489D1E1BCFDB6D0026BB80 /* order */,
				14489D1F1BCFDB6D0026BB80 /* public */,
			);
			path = image;
			sourceTree = "<group>";
		};
		14489D1E1BCFDB6D0026BB80 /* order */ = {
			isa = PBXGroup;
			children = (
			);
			path = order;
			sourceTree = "<group>";
		};
		14489D1F1BCFDB6D0026BB80 /* public */ = {
			isa = PBXGroup;
			children = (
				148251411BD7819500E0DB20 /* checkbox1_unchecked.png */,
				148251421BD7819500E0DB20 /* checkbox1_unchecked@2x.png */,
				1482513D1BD7817F00E0DB20 /* checkbox1_checked.png */,
				1482513E1BD7817F00E0DB20 /* checkbox1_checked@2x.png */,
				14489D201BCFDB7C0026BB80 /* ic_launcher.png */,
				14489D221BCFDE300026BB80 /* avatar_default.png */,
				14A36F481BD8C9A300B5DCF0 /* potato.jpg */,
				14A36F491BD8C9A300B5DCF0 /* shrimp.jpg */,
				14A36F4C1BD8CAAC00B5DCF0 /* fish.jpg */,
			);
			path = public;
			sourceTree = "<group>";
		};
		146D2BF61BCE8CAB0081D543 /* Menu */ = {
			isa = PBXGroup;
			children = (
				146D2BF71BCE8CAB0081D543 /* Modal */,
				146D2BF81BCE8CAB0081D543 /* View */,
				146D2BF91BCE8CAB0081D543 /* ViewController */,
			);
			path = Menu;
			sourceTree = "<group>";
		};
		146D2BF71BCE8CAB0081D543 /* Modal */ = {
			isa = PBXGroup;
			children = (
			);
			path = Modal;
			sourceTree = "<group>";
		};
		146D2BF81BCE8CAB0081D543 /* View */ = {
			isa = PBXGroup;
			children = (
				146D2C011BCE8EB10081D543 /* MenuView.h */,
				146D2C021BCE8EB10081D543 /* MenuView.m */,
				14D434581BD13659000C72F6 /* MenuCollectionViewCell.h */,
				14D434591BD13659000C72F6 /* MenuCollectionViewCell.m */,
				1482513B1BD77FB700E0DB20 /* MenuCollectionCell.xib */,
			);
			path = View;
			sourceTree = "<group>";
		};
		146D2BF91BCE8CAB0081D543 /* ViewController */ = {
			isa = PBXGroup;
			children = (
				146D2C071BCE8F790081D543 /* MenuViewController.h */,
				146D2C081BCE8F790081D543 /* MenuViewController.m */,
				14A36F341BD884ED00B5DCF0 /* MainFoodViewController.h */,
				14A36F351BD884ED00B5DCF0 /* MainFoodViewController.m */,
				14A36F371BD8852200B5DCF0 /* OtherFoodViewController.h */,
				14A36F381BD8852200B5DCF0 /* OtherFoodViewController.m */,
				14A36F411BD8BD3C00B5DCF0 /* MenuDetailsTableViewController.h */,
				14A36F421BD8BD3C00B5DCF0 /* MenuDetailsTableViewController.m */,
			);
			path = ViewController;
			sourceTree = "<group>";
		};
		146D2BFA1BCE8CB40081D543 /* Order */ = {
			isa = PBXGroup;
			children = (
				146D2BFB1BCE8CB40081D543 /* Modal */,
				146D2BFC1BCE8CB40081D543 /* View */,
				146D2BFD1BCE8CB40081D543 /* ViewController */,
			);
			path = Order;
			sourceTree = "<group>";
		};
		146D2BFB1BCE8CB40081D543 /* Modal */ = {
			isa = PBXGroup;
			children = (
			);
			path = Modal;
			sourceTree = "<group>";
		};
		146D2BFC1BCE8CB40081D543 /* View */ = {
			isa = PBXGroup;
			children = (
			);
			path = View;
			sourceTree = "<group>";
		};
		146D2BFD1BCE8CB40081D543 /* ViewController */ = {
			isa = PBXGroup;
			children = (
			);
			path = ViewController;
			sourceTree = "<group>";
		};
		147040781BA700AE007F6414 = {
			isa = PBXGroup;
			children = (
				147040B81BA701F4007F6414 /* ThirdPartyLibraries */,
				147040AF1BA70188007F6414 /* FunctionClass */,
				147040AD1BA700E8007F6414 /* Application */,
				147040831BA700AE007F6414 /* OrderMeal */,
				147040A01BA700AE007F6414 /* OrderMealTests */,
				147040821BA700AE007F6414 /* Products */,
				14489D1C1BCFDB6D0026BB80 /* Resource */,
			);
			sourceTree = "<group>";
		};
		147040821BA700AE007F6414 /* Products */ = {
			isa = PBXGroup;
			children = (
				147040811BA700AE007F6414 /* OrderMeal.app */,
				1470409D1BA700AE007F6414 /* OrderMealTests.xctest */,
			);
			name = Products;
			sourceTree = "<group>";
		};
		147040831BA700AE007F6414 /* OrderMeal */ = {
			isa = PBXGroup;
			children = (
				147040881BA700AE007F6414 /* AppDelegate.h */,
				147040891BA700AE007F6414 /* AppDelegate.m */,
				1470408E1BA700AE007F6414 /* ViewController.h */,
				1470408F1BA700AE007F6414 /* ViewController.m */,
				147040911BA700AE007F6414 /* Main.storyboard */,
				147040941BA700AE007F6414 /* Images.xcassets */,
				147040961BA700AE007F6414 /* LaunchScreen.xib */,
				1470408B1BA700AE007F6414 /* OrderMeal.xcdatamodeld */,
				147040841BA700AE007F6414 /* Supporting Files */,
			);
			path = OrderMeal;
			sourceTree = "<group>";
		};
		147040841BA700AE007F6414 /* Supporting Files */ = {
			isa = PBXGroup;
			children = (
				147040851BA700AE007F6414 /* Info.plist */,
				147040861BA700AE007F6414 /* main.m */,
			);
			name = "Supporting Files";
			sourceTree = "<group>";
		};
		147040A01BA700AE007F6414 /* OrderMealTests */ = {
			isa = PBXGroup;
			children = (
				147040A31BA700AE007F6414 /* OrderMealTests.m */,
				147040A11BA700AE007F6414 /* Supporting Files */,
			);
			path = OrderMealTests;
			sourceTree = "<group>";
		};
		147040A11BA700AE007F6414 /* Supporting Files */ = {
			isa = PBXGroup;
			children = (
				147040A21BA700AE007F6414 /* Info.plist */,
			);
			name = "Supporting Files";
			sourceTree = "<group>";
		};
		147040AD1BA700E8007F6414 /* Application */ = {
			isa = PBXGroup;
			children = (
				14A36F2D1BD880D000B5DCF0 /* widget */,
				148F96721BD1ED0F0098313B /* PublicDefine */,
				146D2BFA1BCE8CB40081D543 /* Order */,
				146D2BF61BCE8CAB0081D543 /* Menu */,
				14FBCE7F1BA8551000F23D78 /* Login */,
				147040B91BA702A0007F6414 /* Root */,
				147040B01BA701AE007F6414 /* Home */,
				147040B41BA701AE007F6414 /* Me */,
			);
			path = Application;
			sourceTree = "<group>";
		};
		147040AF1BA70188007F6414 /* FunctionClass */ = {
			isa = PBXGroup;
			children = (
				147040C01BA707C1007F6414 /* LoginSystem.h */,
				147040C11BA707C1007F6414 /* LoginSystem.m */,
				147040C31BA707EC007F6414 /* Company.h */,
				147040C41BA707EC007F6414 /* Company.m */,
				147040C61BA70803007F6414 /* Actor.h */,
				147040C71BA70803007F6414 /* Actor.m */,
				147040C91BA7081E007F6414 /* BOSS.h */,
				147040CA1BA7081E007F6414 /* BOSS.m */,
				147040CC1BA70842007F6414 /* Waiter.h */,
				147040CD1BA70842007F6414 /* Waiter.m */,
				147040CF1BA70873007F6414 /* Chefs.h */,
				147040D01BA70873007F6414 /* Chefs.m */,
				147040D21BA708BD007F6414 /* Cashier.h */,
				147040D31BA708BD007F6414 /* Cashier.m */,
				147040D51BA708F0007F6414 /* RestaurantManager.h */,
				147040D61BA708F0007F6414 /* RestaurantManager.m */,
				147040D81BA70932007F6414 /* MenuManagement.h */,
				147040D91BA70932007F6414 /* MenuManagement.m */,
				147040DB1BA70946007F6414 /* OrderManagement.h */,
				147040DC1BA70946007F6414 /* OrderManagement.m */,
				147040DE1BA70976007F6414 /* Payment.h */,
				147040DF1BA70976007F6414 /* Payment.m */,
				147040E11BA70A11007F6414 /* BillManagement.h */,
				147040E21BA70A11007F6414 /* BillManagement.m */,
				147040E41BA70A88007F6414 /* AccountManagement.h */,
				147040E51BA70A88007F6414 /* AccountManagement.m */,
			);
			path = FunctionClass;
			sourceTree = "<group>";
		};
		147040B01BA701AE007F6414 /* Home */ = {
			isa = PBXGroup;
			children = (
				147040B11BA701AE007F6414 /* Modal */,
				147040B21BA701AE007F6414 /* View */,
				147040B31BA701AE007F6414 /* ViewController */,
			);
			path = Home;
			sourceTree = "<group>";
		};
		147040B11BA701AE007F6414 /* Modal */ = {
			isa = PBXGroup;
			children = (
			);
			path = Modal;
			sourceTree = "<group>";
		};
		147040B21BA701AE007F6414 /* View */ = {
			isa = PBXGroup;
			children = (
			);
			path = View;
			sourceTree = "<group>";
		};
		147040B31BA701AE007F6414 /* ViewController */ = {
			isa = PBXGroup;
			children = (
			);
			path = ViewController;
			sourceTree = "<group>";
		};
		147040B41BA701AE007F6414 /* Me */ = {
			isa = PBXGroup;
			children = (
				147040B51BA701AE007F6414 /* Modal */,
				147040B61BA701AE007F6414 /* View */,
				147040B71BA701AE007F6414 /* ViewController */,
			);
			path = Me;
			sourceTree = "<group>";
		};
		147040B51BA701AE007F6414 /* Modal */ = {
			isa = PBXGroup;
			children = (
			);
			path = Modal;
			sourceTree = "<group>";
		};
		147040B61BA701AE007F6414 /* View */ = {
			isa = PBXGroup;
			children = (
			);
			path = View;
			sourceTree = "<group>";
		};
		147040B71BA701AE007F6414 /* ViewController */ = {
			isa = PBXGroup;
			children = (
			);
			path = ViewController;
			sourceTree = "<group>";
		};
		147040B81BA701F4007F6414 /* ThirdPartyLibraries */ = {
			isa = PBXGroup;
			children = (
			);
			path = ThirdPartyLibraries;
			sourceTree = "<group>";
		};
		147040B91BA702A0007F6414 /* Root */ = {
			isa = PBXGroup;
			children = (
				147040BA1BA702A0007F6414 /* Modal */,
				147040BB1BA702A0007F6414 /* View */,
				147040BC1BA702A0007F6414 /* ViewController */,
			);
			path = Root;
			sourceTree = "<group>";
		};
		147040BA1BA702A0007F6414 /* Modal */ = {
			isa = PBXGroup;
			children = (
			);
			path = Modal;
			sourceTree = "<group>";
		};
		147040BB1BA702A0007F6414 /* View */ = {
			isa = PBXGroup;
			children = (
			);
			path = View;
			sourceTree = "<group>";
		};
		147040BC1BA702A0007F6414 /* ViewController */ = {
			isa = PBXGroup;
			children = (
				147040BD1BA70321007F6414 /* RootTabBarViewController.h */,
				147040BE1BA70321007F6414 /* RootTabBarViewController.m */,
			);
			path = ViewController;
			sourceTree = "<group>";
		};
		148F96721BD1ED0F0098313B /* PublicDefine */ = {
			isa = PBXGroup;
			children = (
				14A36F3A1BD886CD00B5DCF0 /* CommonMacro.h */,
				148F96731BD1ED2E0098313B /* PublicDefine.h */,
			);
			path = PublicDefine;
			sourceTree = "<group>";
		};
		14A36F2D1BD880D000B5DCF0 /* widget */ = {
			isa = PBXGroup;
			children = (
				14A36F2E1BD880D000B5DCF0 /* Customize */,
				14A36F2F1BD880D000B5DCF0 /* OpenCode */,
			);
			path = widget;
			sourceTree = "<group>";
		};
		14A36F2E1BD880D000B5DCF0 /* Customize */ = {
			isa = PBXGroup;
			children = (
				14A36F441BD8C1B600B5DCF0 /* LoopImageView */,
			);
			path = Customize;
			sourceTree = "<group>";
		};
		14A36F2F1BD880D000B5DCF0 /* OpenCode */ = {
			isa = PBXGroup;
			children = (
				14A36F301BD8811C00B5DCF0 /* NavTabBar */,
			);
			path = OpenCode;
			sourceTree = "<group>";
		};
		14A36F301BD8811C00B5DCF0 /* NavTabBar */ = {
			isa = PBXGroup;
			children = (
				14A36F311BD8811C00B5DCF0 /* SCNavTabBarController.h */,
				14A36F321BD8811C00B5DCF0 /* SCNavTabBarController.m */,
				14A36F3B1BD8872600B5DCF0 /* SCNavTabBar.h */,
				14A36F3C1BD8872600B5DCF0 /* SCNavTabBar.m */,
				14A36F3E1BD8876000B5DCF0 /* SCPopView.h */,
				14A36F3F1BD8876000B5DCF0 /* SCPopView.m */,
			);
			path = NavTabBar;
			sourceTree = "<group>";
		};
		14A36F441BD8C1B600B5DCF0 /* LoopImageView */ = {
			isa = PBXGroup;
			children = (
				14A36F451BD8C1B600B5DCF0 /* Custom_ScrollImageView.h */,
				14A36F461BD8C1B600B5DCF0 /* Custom_ScrollImageView.m */,
			);
			path = LoopImageView;
			sourceTree = "<group>";
		};
		14FBCE7F1BA8551000F23D78 /* Login */ = {
			isa = PBXGroup;
			children = (
				14FBCE801BA8551000F23D78 /* Modal */,
				14FBCE811BA8551000F23D78 /* View */,
				14FBCE821BA8551000F23D78 /* ViewController */,
			);
			path = Login;
			sourceTree = "<group>";
		};
		14FBCE801BA8551000F23D78 /* Modal */ = {
			isa = PBXGroup;
			children = (
			);
			path = Modal;
			sourceTree = "<group>";
		};
		14FBCE811BA8551000F23D78 /* View */ = {
			isa = PBXGroup;
			children = (
				14FBCE861BA8572C00F23D78 /* LoginView.h */,
				14FBCE871BA8572C00F23D78 /* LoginView.m */,
			);
			path = View;
			sourceTree = "<group>";
		};
		14FBCE821BA8551000F23D78 /* ViewController */ = {
			isa = PBXGroup;
			children = (
				14FBCE831BA8552B00F23D78 /* LoginViewController.h */,
				14FBCE841BA8552B00F23D78 /* LoginViewController.m */,
			);
			path = ViewController;
			sourceTree = "<group>";
		};
/* End PBXGroup section */

/* Begin PBXNativeTarget section */
		147040801BA700AE007F6414 /* OrderMeal */ = {
			isa = PBXNativeTarget;
			buildConfigurationList = 147040A71BA700AE007F6414 /* Build configuration list for PBXNativeTarget "OrderMeal" */;
			buildPhases = (
				1470407D1BA700AE007F6414 /* Sources */,
				1470407E1BA700AE007F6414 /* Frameworks */,
				1470407F1BA700AE007F6414 /* Resources */,
			);
			buildRules = (
			);
			dependencies = (
			);
			name = OrderMeal;
			productName = OrderMeal;
			productReference = 147040811BA700AE007F6414 /* OrderMeal.app */;
			productType = "com.apple.product-type.application";
		};
		1470409C1BA700AE007F6414 /* OrderMealTests */ = {
			isa = PBXNativeTarget;
			buildConfigurationList = 147040AA1BA700AE007F6414 /* Build configuration list for PBXNativeTarget "OrderMealTests" */;
			buildPhases = (
				147040991BA700AE007F6414 /* Sources */,
				1470409A1BA700AE007F6414 /* Frameworks */,
				1470409B1BA700AE007F6414 /* Resources */,
			);
			buildRules = (
			);
			dependencies = (
				1470409F1BA700AE007F6414 /* PBXTargetDependency */,
			);
			name = OrderMealTests;
			productName = OrderMealTests;
			productReference = 1470409D1BA700AE007F6414 /* OrderMealTests.xctest */;
			productType = "com.apple.product-type.bundle.unit-test";
		};
/* End PBXNativeTarget section */

/* Begin PBXProject section */
		147040791BA700AE007F6414 /* Project object */ = {
			isa = PBXProject;
			attributes = {
				LastUpgradeCheck = 0610;
				ORGANIZATIONNAME = cheng;
				TargetAttributes = {
					147040801BA700AE007F6414 = {
						CreatedOnToolsVersion = 6.1;
					};
					1470409C1BA700AE007F6414 = {
						CreatedOnToolsVersion = 6.1;
						TestTargetID = 147040801BA700AE007F6414;
					};
				};
			};
			buildConfigurationList = 1470407C1BA700AE007F6414 /* Build configuration list for PBXProject "OrderMeal" */;
			compatibilityVersion = "Xcode 3.2";
			developmentRegion = English;
			hasScannedForEncodings = 0;
			knownRegions = (
				en,
				Base,
			);
			mainGroup = 147040781BA700AE007F6414;
			productRefGroup = 147040821BA700AE007F6414 /* Products */;
			projectDirPath = "";
			projectRoot = "";
			targets = (
				147040801BA700AE007F6414 /* OrderMeal */,
				1470409C1BA700AE007F6414 /* OrderMealTests */,
			);
		};
/* End PBXProject section */

/* Begin PBXResourcesBuildPhase section */
		1470407F1BA700AE007F6414 /* Resources */ = {
			isa = PBXResourcesBuildPhase;
			buildActionMask = 2147483647;
			files = (
				14489D231BCFDE300026BB80 /* avatar_default.png in Resources */,
				14A36F4B1BD8C9A300B5DCF0 /* shrimp.jpg in Resources */,
				147040931BA700AE007F6414 /* Main.storyboard in Resources */,
				1482513C1BD77FB700E0DB20 /* MenuCollectionCell.xib in Resources */,
				147040981BA700AE007F6414 /* LaunchScreen.xib in Resources */,
				147040951BA700AE007F6414 /* Images.xcassets in Resources */,
				1482513F1BD7817F00E0DB20 /* checkbox1_checked.png in Resources */,
				14489D211BCFDB7C0026BB80 /* ic_launcher.png in Resources */,
				14A36F4A1BD8C9A300B5DCF0 /* potato.jpg in Resources */,
				148251401BD7817F00E0DB20 /* checkbox1_checked@2x.png in Resources */,
				148251441BD7819500E0DB20 /* checkbox1_unchecked@2x.png in Resources */,
				14A36F4D1BD8CAAC00B5DCF0 /* fish.jpg in Resources */,
				148251431BD7819500E0DB20 /* checkbox1_unchecked.png in Resources */,
			);
			runOnlyForDeploymentPostprocessing = 0;
		};
		1470409B1BA700AE007F6414 /* Resources */ = {
			isa = PBXResourcesBuildPhase;
			buildActionMask = 2147483647;
			files = (
			);
			runOnlyForDeploymentPostprocessing = 0;
		};
/* End PBXResourcesBuildPhase section */

/* Begin PBXSourcesBuildPhase section */
		1470407D1BA700AE007F6414 /* Sources */ = {
			isa = PBXSourcesBuildPhase;
			buildActionMask = 2147483647;
			files = (
				147040DD1BA70946007F6414 /* OrderManagement.m in Sources */,
				147040D11BA70873007F6414 /* Chefs.m in Sources */,
				147040E01BA70976007F6414 /* Payment.m in Sources */,
				14A36F391BD8852200B5DCF0 /* OtherFoodViewController.m in Sources */,
				1470408D1BA700AE007F6414 /* OrderMeal.xcdatamodeld in Sources */,
				147040BF1BA70321007F6414 /* RootTabBarViewController.m in Sources */,
				14A36F331BD8811C00B5DCF0 /* SCNavTabBarController.m in Sources */,
				1470408A1BA700AE007F6414 /* AppDelegate.m in Sources */,
				147040C81BA70803007F6414 /* Actor.m in Sources */,
				147040D71BA708F0007F6414 /* RestaurantManager.m in Sources */,
				147040901BA700AE007F6414 /* ViewController.m in Sources */,
				146D2C091BCE8F790081D543 /* MenuViewController.m in Sources */,
				147040CB1BA7081E007F6414 /* BOSS.m in Sources */,
				147040C21BA707C1007F6414 /* LoginSystem.m in Sources */,
				147040DA1BA70932007F6414 /* MenuManagement.m in Sources */,
				147040871BA700AE007F6414 /* main.m in Sources */,
				14A36F471BD8C1B600B5DCF0 /* Custom_ScrollImageView.m in Sources */,
				14A36F361BD884ED00B5DCF0 /* MainFoodViewController.m in Sources */,
				14A36F431BD8BD3C00B5DCF0 /* MenuDetailsTableViewController.m in Sources */,
				147040C51BA707EC007F6414 /* Company.m in Sources */,
				147040CE1BA70842007F6414 /* Waiter.m in Sources */,
				14FBCE851BA8552B00F23D78 /* LoginViewController.m in Sources */,
				146D2C031BCE8EB10081D543 /* MenuView.m in Sources */,
				14A36F3D1BD8872600B5DCF0 /* SCNavTabBar.m in Sources */,
				14A36F401BD8876000B5DCF0 /* SCPopView.m in Sources */,
				147040E31BA70A11007F6414 /* BillManagement.m in Sources */,
				14D4345A1BD13659000C72F6 /* MenuCollectionViewCell.m in Sources */,
				147040E61BA70A88007F6414 /* AccountManagement.m in Sources */,
				14FBCE881BA8572C00F23D78 /* LoginView.m in Sources */,
				147040D41BA708BD007F6414 /* Cashier.m in Sources */,
			);
			runOnlyForDeploymentPostprocessing = 0;
		};
		147040991BA700AE007F6414 /* Sources */ = {
			isa = PBXSourcesBuildPhase;
			buildActionMask = 2147483647;
			files = (
				147040A41BA700AE007F6414 /* OrderMealTests.m in Sources */,
			);
			runOnlyForDeploymentPostprocessing = 0;
		};
/* End PBXSourcesBuildPhase section */

/* Begin PBXTargetDependency section */
		1470409F1BA700AE007F6414 /* PBXTargetDependency */ = {
			isa = PBXTargetDependency;
			target = 147040801BA700AE007F6414 /* OrderMeal */;
			targetProxy = 1470409E1BA700AE007F6414 /* PBXContainerItemProxy */;
		};
/* End PBXTargetDependency section */

/* Begin PBXVariantGroup section */
		147040911BA700AE007F6414 /* Main.storyboard */ = {
			isa = PBXVariantGroup;
			children = (
				147040921BA700AE007F6414 /* Base */,
			);
			name = Main.storyboard;
			sourceTree = "<group>";
		};
		147040961BA700AE007F6414 /* LaunchScreen.xib */ = {
			isa = PBXVariantGroup;
			children = (
				147040971BA700AE007F6414 /* Base */,
			);
			name = LaunchScreen.xib;
			sourceTree = "<group>";
		};
/* End PBXVariantGroup section */

/* Begin XCBuildConfiguration section */
		147040A51BA700AE007F6414 /* Debug */ = {
			isa = XCBuildConfiguration;
			buildSettings = {
				ALWAYS_SEARCH_USER_PATHS = NO;
				CLANG_CXX_LANGUAGE_STANDARD = "gnu++0x";
				CLANG_CXX_LIBRARY = "libc++";
				CLANG_ENABLE_MODULES = YES;
				CLANG_ENABLE_OBJC_ARC = YES;
				CLANG_WARN_BOOL_CONVERSION = YES;
				CLANG_WARN_CONSTANT_CONVERSION = YES;
				CLANG_WARN_DIRECT_OBJC_ISA_USAGE = YES_ERROR;
				CLANG_WARN_EMPTY_BODY = YES;
				CLANG_WARN_ENUM_CONVERSION = YES;
				CLANG_WARN_INT_CONVERSION = YES;
				CLANG_WARN_OBJC_ROOT_CLASS = YES_ERROR;
				CLANG_WARN_UNREACHABLE_CODE = YES;
				CLANG_WARN__DUPLICATE_METHOD_MATCH = YES;
				CODE_SIGN_IDENTITY = "iPhone Developer";
				"CODE_SIGN_IDENTITY[sdk=iphoneos*]" = "iPhone Developer";
				COPY_PHASE_STRIP = NO;
				ENABLE_STRICT_OBJC_MSGSEND = YES;
				GCC_C_LANGUAGE_STANDARD = gnu99;
				GCC_DYNAMIC_NO_PIC = NO;
				GCC_OPTIMIZATION_LEVEL = 0;
				GCC_PREPROCESSOR_DEFINITIONS = (
					"DEBUG=1",
					"$(inherited)",
				);
				GCC_SYMBOLS_PRIVATE_EXTERN = NO;
				GCC_WARN_64_TO_32_BIT_CONVERSION = YES;
				GCC_WARN_ABOUT_RETURN_TYPE = YES_ERROR;
				GCC_WARN_UNDECLARED_SELECTOR = YES;
				GCC_WARN_UNINITIALIZED_AUTOS = YES_AGGRESSIVE;
				GCC_WARN_UNUSED_FUNCTION = YES;
				GCC_WARN_UNUSED_VARIABLE = YES;
				IPHONEOS_DEPLOYMENT_TARGET = 8.1;
				MTL_ENABLE_DEBUG_INFO = YES;
				ONLY_ACTIVE_ARCH = YES;
				SDKROOT = iphoneos;
				TARGETED_DEVICE_FAMILY = "1,2";
			};
			name = Debug;
		};
		147040A61BA700AE007F6414 /* Release */ = {
			isa = XCBuildConfiguration;
			buildSettings = {
				ALWAYS_SEARCH_USER_PATHS = NO;
				CLANG_CXX_LANGUAGE_STANDARD = "gnu++0x";
				CLANG_CXX_LIBRARY = "libc++";
				CLANG_ENABLE_MODULES = YES;
				CLANG_ENABLE_OBJC_ARC = YES;
				CLANG_WARN_BOOL_CONVERSION = YES;
				CLANG_WARN_CONSTANT_CONVERSION = YES;
				CLANG_WARN_DIRECT_OBJC_ISA_USAGE = YES_ERROR;
				CLANG_WARN_EMPTY_BODY = YES;
				CLANG_WARN_ENUM_CONVERSION = YES;
				CLANG_WARN_INT_CONVERSION = YES;
				CLANG_WARN_OBJC_ROOT_CLASS = YES_ERROR;
				CLANG_WARN_UNREACHABLE_CODE = YES;
				CLANG_WARN__DUPLICATE_METHOD_MATCH = YES;
				CODE_SIGN_IDENTITY = "iPhone Developer";
				"CODE_SIGN_IDENTITY[sdk=iphoneos*]" = "iPhone Developer";
				COPY_PHASE_STRIP = YES;
				ENABLE_NS_ASSERTIONS = NO;
				ENABLE_STRICT_OBJC_MSGSEND = YES;
				GCC_C_LANGUAGE_STANDARD = gnu99;
				GCC_WARN_64_TO_32_BIT_CONVERSION = YES;
				GCC_WARN_ABOUT_RETURN_TYPE = YES_ERROR;
				GCC_WARN_UNDECLARED_SELECTOR = YES;
				GCC_WARN_UNINITIALIZED_AUTOS = YES_AGGRESSIVE;
				GCC_WARN_UNUSED_FUNCTION = YES;
				GCC_WARN_UNUSED_VARIABLE = YES;
				IPHONEOS_DEPLOYMENT_TARGET = 8.1;
				MTL_ENABLE_DEBUG_INFO = NO;
				SDKROOT = iphoneos;
				TARGETED_DEVICE_FAMILY = "1,2";
				VALIDATE_PRODUCT = YES;
			};
			name = Release;
		};
		147040A81BA700AE007F6414 /* Debug */ = {
			isa = XCBuildConfiguration;
			buildSettings = {
				ASSETCATALOG_COMPILER_APPICON_NAME = AppIcon;
				INFOPLIST_FILE = OrderMeal/Info.plist;
				LD_RUNPATH_SEARCH_PATHS = "$(inherited) @executable_path/Frameworks";
				PRODUCT_NAME = "$(TARGET_NAME)";
			};
			name = Debug;
		};
		147040A91BA700AE007F6414 /* Release */ = {
			isa = XCBuildConfiguration;
			buildSettings = {
				ASSETCATALOG_COMPILER_APPICON_NAME = AppIcon;
				INFOPLIST_FILE = OrderMeal/Info.plist;
				LD_RUNPATH_SEARCH_PATHS = "$(inherited) @executable_path/Frameworks";
				PRODUCT_NAME = "$(TARGET_NAME)";
			};
			name = Release;
		};
		147040AB1BA700AE007F6414 /* Debug */ = {
			isa = XCBuildConfiguration;
			buildSettings = {
				BUNDLE_LOADER = "$(TEST_HOST)";
				FRAMEWORK_SEARCH_PATHS = (
					"$(SDKROOT)/Developer/Library/Frameworks",
					"$(inherited)",
				);
				GCC_PREPROCESSOR_DEFINITIONS = (
					"DEBUG=1",
					"$(inherited)",
				);
				INFOPLIST_FILE = OrderMealTests/Info.plist;
				LD_RUNPATH_SEARCH_PATHS = "$(inherited) @executable_path/Frameworks @loader_path/Frameworks";
				PRODUCT_NAME = "$(TARGET_NAME)";
				TEST_HOST = "$(BUILT_PRODUCTS_DIR)/OrderMeal.app/OrderMeal";
			};
			name = Debug;
		};
		147040AC1BA700AE007F6414 /* Release */ = {
			isa = XCBuildConfiguration;
			buildSettings = {
				BUNDLE_LOADER = "$(TEST_HOST)";
				FRAMEWORK_SEARCH_PATHS = (
					"$(SDKROOT)/Developer/Library/Frameworks",
					"$(inherited)",
				);
				INFOPLIST_FILE = OrderMealTests/Info.plist;
				LD_RUNPATH_SEARCH_PATHS = "$(inherited) @executable_path/Frameworks @loader_path/Frameworks";
				PRODUCT_NAME = "$(TARGET_NAME)";
				TEST_HOST = "$(BUILT_PRODUCTS_DIR)/OrderMeal.app/OrderMeal";
			};
			name = Release;
		};
/* End XCBuildConfiguration section */

/* Begin XCConfigurationList section */
		1470407C1BA700AE007F6414 /* Build configuration list for PBXProject "OrderMeal" */ = {
			isa = XCConfigurationList;
			buildConfigurations = (
				147040A51BA700AE007F6414 /* Debug */,
				147040A61BA700AE007F6414 /* Release */,
			);
			defaultConfigurationIsVisible = 0;
			defaultConfigurationName = Release;
		};
		147040A71BA700AE007F6414 /* Build configuration list for PBXNativeTarget "OrderMeal" */ = {
			isa = XCConfigurationList;
			buildConfigurations = (
				147040A81BA700AE007F6414 /* Debug */,
				147040A91BA700AE007F6414 /* Release */,
			);
			defaultConfigurationIsVisible = 0;
			defaultConfigurationName = Release;
		};
		147040AA1BA700AE007F6414 /* Build configuration list for PBXNativeTarget "OrderMealTests" */ = {
			isa = XCConfigurationList;
			buildConfigurations = (
				147040AB1BA700AE007F6414 /* Debug */,
				147040AC1BA700AE007F6414 /* Release */,
			);
			defaultConfigurationIsVisible = 0;
			defaultConfigurationName = Release;
		};
/* End XCConfigurationList section */

/* Begin XCVersionGroup section */
		1470408B1BA700AE007F6414 /* OrderMeal.xcdatamodeld */ = {
			isa = XCVersionGroup;
			children = (
				1470408C1BA700AE007F6414 /* OrderMeal.xcdatamodel */,
			);
			currentVersion = 1470408C1BA700AE007F6414 /* OrderMeal.xcdatamodel */;
			path = OrderMeal.xcdatamodeld;
			sourceTree = "<group>";
			versionGroupType = wrapper.xcdatamodel;
		};
/* End XCVersionGroup section */
	};
	rootObject = 147040791BA700AE007F6414 /* Project object */;
}
